// !$*UTF8*$!
{
	archiveVersion = 1;
	classes = {
	};
	objectVersion = 46;
	objects = {

/* Begin PBXBuildFile section */
		CCAC138513E9E63F00751FC4 /* LinkRunShieldD1.png in Resources */ = {isa = PBXBuildFile; fileRef = CCAC138413E9E63F00751FC4 /* LinkRunShieldD1.png */; };
		CCAC139113E9F3D300751FC4 /* BGLayer.m in Sources */ = {isa = PBXBuildFile; fileRef = CCAC139013E9F3D300751FC4 /* BGLayer.m */; };
		CCAC139513E9F5FF00751FC4 /* Hyrule_castle.png in Resources */ = {isa = PBXBuildFile; fileRef = CCAC139413E9F5FF00751FC4 /* Hyrule_castle.png */; };
		CCAC139713E9FE1500751FC4 /* Mastersword_forest.png in Resources */ = {isa = PBXBuildFile; fileRef = CCAC139613E9FE1500751FC4 /* Mastersword_forest.png */; };
		CCAC139A13EA089E00751FC4 /* Scenemanager.m in Sources */ = {isa = PBXBuildFile; fileRef = CCAC139913EA089E00751FC4 /* Scenemanager.m */; };
		CCC90E3313E8BDA80032DF94 /* QuartzCore.framework in Frameworks */ = {isa = PBXBuildFile; fileRef = CCC90E3213E8BDA80032DF94 /* QuartzCore.framework */; };
		CCC90E3513E8BDA80032DF94 /* OpenGLES.framework in Frameworks */ = {isa = PBXBuildFile; fileRef = CCC90E3413E8BDA80032DF94 /* OpenGLES.framework */; };
		CCC90E3713E8BDA80032DF94 /* OpenAL.framework in Frameworks */ = {isa = PBXBuildFile; fileRef = CCC90E3613E8BDA80032DF94 /* OpenAL.framework */; };
		CCC90E3913E8BDA80032DF94 /* AudioToolbox.framework in Frameworks */ = {isa = PBXBuildFile; fileRef = CCC90E3813E8BDA80032DF94 /* AudioToolbox.framework */; };
		CCC90E3B13E8BDA80032DF94 /* AVFoundation.framework in Frameworks */ = {isa = PBXBuildFile; fileRef = CCC90E3A13E8BDA80032DF94 /* AVFoundation.framework */; };
		CCC90E3D13E8BDA80032DF94 /* UIKit.framework in Frameworks */ = {isa = PBXBuildFile; fileRef = CCC90E3C13E8BDA80032DF94 /* UIKit.framework */; };
		CCC90E3F13E8BDA80032DF94 /* Foundation.framework in Frameworks */ = {isa = PBXBuildFile; fileRef = CCC90E3E13E8BDA80032DF94 /* Foundation.framework */; };
		CCC90E4113E8BDA80032DF94 /* CoreGraphics.framework in Frameworks */ = {isa = PBXBuildFile; fileRef = CCC90E4013E8BDA80032DF94 /* CoreGraphics.framework */; };
		CCC90E4513E8BDA80032DF94 /* Default.png in Resources */ = {isa = PBXBuildFile; fileRef = CCC90E4413E8BDA80032DF94 /* Default.png */; };
		CCC90E4713E8BDA80032DF94 /* fps_images.png in Resources */ = {isa = PBXBuildFile; fileRef = CCC90E4613E8BDA80032DF94 /* fps_images.png */; };
		CCC90E4913E8BDA80032DF94 /* Icon-72.png in Resources */ = {isa = PBXBuildFile; fileRef = CCC90E4813E8BDA80032DF94 /* Icon-72.png */; };
		CCC90E4B13E8BDA80032DF94 /* Icon-Small-50.png in Resources */ = {isa = PBXBuildFile; fileRef = CCC90E4A13E8BDA80032DF94 /* Icon-Small-50.png */; };
		CCC90E4D13E8BDA80032DF94 /* Icon-Small.png in Resources */ = {isa = PBXBuildFile; fileRef = CCC90E4C13E8BDA80032DF94 /* Icon-Small.png */; };
		CCC90E4F13E8BDA80032DF94 /* Icon-Small@2x.png in Resources */ = {isa = PBXBuildFile; fileRef = CCC90E4E13E8BDA80032DF94 /* Icon-Small@2x.png */; };
		CCC90E5113E8BDA80032DF94 /* Icon.png in Resources */ = {isa = PBXBuildFile; fileRef = CCC90E5013E8BDA80032DF94 /* Icon.png */; };
		CCC90E5313E8BDA80032DF94 /* Icon@2x.png in Resources */ = {isa = PBXBuildFile; fileRef = CCC90E5213E8BDA80032DF94 /* Icon@2x.png */; };
		CCC90E5613E8BDA80032DF94 /* iTunesArtwork in Resources */ = {isa = PBXBuildFile; fileRef = CCC90E5513E8BDA80032DF94 /* iTunesArtwork */; };
		CCC90E5B13E8BDA80032DF94 /* CCAction.m in Sources */ = {isa = PBXBuildFile; fileRef = CCC90E5A13E8BDA80032DF94 /* CCAction.m */; };
		CCC90E5E13E8BDA80032DF94 /* CCActionCamera.m in Sources */ = {isa = PBXBuildFile; fileRef = CCC90E5D13E8BDA80032DF94 /* CCActionCamera.m */; };
		CCC90E6113E8BDA80032DF94 /* CCActionEase.m in Sources */ = {isa = PBXBuildFile; fileRef = CCC90E6013E8BDA80032DF94 /* CCActionEase.m */; };
		CCC90E6413E8BDA80032DF94 /* CCActionGrid.m in Sources */ = {isa = PBXBuildFile; fileRef = CCC90E6313E8BDA80032DF94 /* CCActionGrid.m */; };
		CCC90E6713E8BDA80032DF94 /* CCActionGrid3D.m in Sources */ = {isa = PBXBuildFile; fileRef = CCC90E6613E8BDA80032DF94 /* CCActionGrid3D.m */; };
		CCC90E6A13E8BDA80032DF94 /* CCActionInstant.m in Sources */ = {isa = PBXBuildFile; fileRef = CCC90E6913E8BDA80032DF94 /* CCActionInstant.m */; };
		CCC90E6D13E8BDA80032DF94 /* CCActionInterval.m in Sources */ = {isa = PBXBuildFile; fileRef = CCC90E6C13E8BDA80032DF94 /* CCActionInterval.m */; };
		CCC90E7013E8BDA80032DF94 /* CCActionManager.m in Sources */ = {isa = PBXBuildFile; fileRef = CCC90E6F13E8BDA80032DF94 /* CCActionManager.m */; };
		CCC90E7313E8BDA80032DF94 /* CCActionPageTurn3D.m in Sources */ = {isa = PBXBuildFile; fileRef = CCC90E7213E8BDA80032DF94 /* CCActionPageTurn3D.m */; };
		CCC90E7613E8BDA80032DF94 /* CCActionProgressTimer.m in Sources */ = {isa = PBXBuildFile; fileRef = CCC90E7513E8BDA80032DF94 /* CCActionProgressTimer.m */; };
		CCC90E7913E8BDA80032DF94 /* CCActionTiledGrid.m in Sources */ = {isa = PBXBuildFile; fileRef = CCC90E7813E8BDA80032DF94 /* CCActionTiledGrid.m */; };
		CCC90E7C13E8BDA80032DF94 /* CCActionTween.m in Sources */ = {isa = PBXBuildFile; fileRef = CCC90E7B13E8BDA80032DF94 /* CCActionTween.m */; };
		CCC90E7F13E8BDA80032DF94 /* CCAnimation.m in Sources */ = {isa = PBXBuildFile; fileRef = CCC90E7E13E8BDA80032DF94 /* CCAnimation.m */; };
		CCC90E8213E8BDA80032DF94 /* CCAnimationCache.m in Sources */ = {isa = PBXBuildFile; fileRef = CCC90E8113E8BDA80032DF94 /* CCAnimationCache.m */; };
		CCC90E8513E8BDA80032DF94 /* CCAtlasNode.m in Sources */ = {isa = PBXBuildFile; fileRef = CCC90E8413E8BDA80032DF94 /* CCAtlasNode.m */; };
		CCC90E8813E8BDA80032DF94 /* CCBlockSupport.m in Sources */ = {isa = PBXBuildFile; fileRef = CCC90E8713E8BDA80032DF94 /* CCBlockSupport.m */; };
		CCC90E8B13E8BDA80032DF94 /* CCCamera.m in Sources */ = {isa = PBXBuildFile; fileRef = CCC90E8A13E8BDA80032DF94 /* CCCamera.m */; };
		CCC90E8F13E8BDA80032DF94 /* CCConfiguration.m in Sources */ = {isa = PBXBuildFile; fileRef = CCC90E8E13E8BDA80032DF94 /* CCConfiguration.m */; };
		CCC90E9213E8BDA80032DF94 /* CCDirector.m in Sources */ = {isa = PBXBuildFile; fileRef = CCC90E9113E8BDA80032DF94 /* CCDirector.m */; };
		CCC90E9513E8BDA80032DF94 /* CCDrawingPrimitives.m in Sources */ = {isa = PBXBuildFile; fileRef = CCC90E9413E8BDA80032DF94 /* CCDrawingPrimitives.m */; };
		CCC90E9813E8BDA80032DF94 /* CCGrabber.m in Sources */ = {isa = PBXBuildFile; fileRef = CCC90E9713E8BDA80032DF94 /* CCGrabber.m */; };
		CCC90E9B13E8BDA80032DF94 /* CCGrid.m in Sources */ = {isa = PBXBuildFile; fileRef = CCC90E9A13E8BDA80032DF94 /* CCGrid.m */; };
		CCC90E9E13E8BDA80032DF94 /* CCLabelAtlas.m in Sources */ = {isa = PBXBuildFile; fileRef = CCC90E9D13E8BDA80032DF94 /* CCLabelAtlas.m */; };
		CCC90EA113E8BDA80032DF94 /* CCLabelBMFont.m in Sources */ = {isa = PBXBuildFile; fileRef = CCC90EA013E8BDA80032DF94 /* CCLabelBMFont.m */; };
		CCC90EA413E8BDA80032DF94 /* CCLabelTTF.m in Sources */ = {isa = PBXBuildFile; fileRef = CCC90EA313E8BDA80032DF94 /* CCLabelTTF.m */; };
		CCC90EA713E8BDA80032DF94 /* CCLayer.m in Sources */ = {isa = PBXBuildFile; fileRef = CCC90EA613E8BDA80032DF94 /* CCLayer.m */; };
		CCC90EAB13E8BDA90032DF94 /* CCMenu.m in Sources */ = {isa = PBXBuildFile; fileRef = CCC90EAA13E8BDA90032DF94 /* CCMenu.m */; };
		CCC90EAE13E8BDA90032DF94 /* CCMenuItem.m in Sources */ = {isa = PBXBuildFile; fileRef = CCC90EAD13E8BDA90032DF94 /* CCMenuItem.m */; };
		CCC90EB113E8BDA90032DF94 /* CCMotionStreak.m in Sources */ = {isa = PBXBuildFile; fileRef = CCC90EB013E8BDA90032DF94 /* CCMotionStreak.m */; };
		CCC90EB413E8BDA90032DF94 /* CCNode.m in Sources */ = {isa = PBXBuildFile; fileRef = CCC90EB313E8BDA90032DF94 /* CCNode.m */; };
		CCC90EB713E8BDA90032DF94 /* CCParallaxNode.m in Sources */ = {isa = PBXBuildFile; fileRef = CCC90EB613E8BDA90032DF94 /* CCParallaxNode.m */; };
		CCC90EBA13E8BDA90032DF94 /* CCParticleExamples.m in Sources */ = {isa = PBXBuildFile; fileRef = CCC90EB913E8BDA90032DF94 /* CCParticleExamples.m */; };
		CCC90EBD13E8BDA90032DF94 /* CCParticleSystem.m in Sources */ = {isa = PBXBuildFile; fileRef = CCC90EBC13E8BDA90032DF94 /* CCParticleSystem.m */; };
		CCC90EC013E8BDA90032DF94 /* CCParticleSystemPoint.m in Sources */ = {isa = PBXBuildFile; fileRef = CCC90EBF13E8BDA90032DF94 /* CCParticleSystemPoint.m */; };
		CCC90EC313E8BDA90032DF94 /* CCParticleSystemQuad.m in Sources */ = {isa = PBXBuildFile; fileRef = CCC90EC213E8BDA90032DF94 /* CCParticleSystemQuad.m */; };
		CCC90EC613E8BDA90032DF94 /* CCProgressTimer.m in Sources */ = {isa = PBXBuildFile; fileRef = CCC90EC513E8BDA90032DF94 /* CCProgressTimer.m */; };
		CCC90ECA13E8BDA90032DF94 /* CCRenderTexture.m in Sources */ = {isa = PBXBuildFile; fileRef = CCC90EC913E8BDA90032DF94 /* CCRenderTexture.m */; };
		CCC90ECD13E8BDA90032DF94 /* CCRibbon.m in Sources */ = {isa = PBXBuildFile; fileRef = CCC90ECC13E8BDA90032DF94 /* CCRibbon.m */; };
		CCC90ED013E8BDA90032DF94 /* CCScene.m in Sources */ = {isa = PBXBuildFile; fileRef = CCC90ECF13E8BDA90032DF94 /* CCScene.m */; };
		CCC90ED313E8BDA90032DF94 /* CCScheduler.m in Sources */ = {isa = PBXBuildFile; fileRef = CCC90ED213E8BDA90032DF94 /* CCScheduler.m */; };
		CCC90ED613E8BDA90032DF94 /* CCSprite.m in Sources */ = {isa = PBXBuildFile; fileRef = CCC90ED513E8BDA90032DF94 /* CCSprite.m */; };
		CCC90ED913E8BDA90032DF94 /* CCSpriteBatchNode.m in Sources */ = {isa = PBXBuildFile; fileRef = CCC90ED813E8BDA90032DF94 /* CCSpriteBatchNode.m */; };
		CCC90EDC13E8BDA90032DF94 /* CCSpriteFrame.m in Sources */ = {isa = PBXBuildFile; fileRef = CCC90EDB13E8BDA90032DF94 /* CCSpriteFrame.m */; };
		CCC90EDF13E8BDA90032DF94 /* CCSpriteFrameCache.m in Sources */ = {isa = PBXBuildFile; fileRef = CCC90EDE13E8BDA90032DF94 /* CCSpriteFrameCache.m */; };
		CCC90EE213E8BDA90032DF94 /* CCTexture2D.m in Sources */ = {isa = PBXBuildFile; fileRef = CCC90EE113E8BDA90032DF94 /* CCTexture2D.m */; };
		CCC90EE513E8BDA90032DF94 /* CCTextureAtlas.m in Sources */ = {isa = PBXBuildFile; fileRef = CCC90EE413E8BDA90032DF94 /* CCTextureAtlas.m */; };
		CCC90EE813E8BDA90032DF94 /* CCTextureCache.m in Sources */ = {isa = PBXBuildFile; fileRef = CCC90EE713E8BDA90032DF94 /* CCTextureCache.m */; };
		CCC90EEB13E8BDA90032DF94 /* CCTexturePVR.m in Sources */ = {isa = PBXBuildFile; fileRef = CCC90EEA13E8BDA90032DF94 /* CCTexturePVR.m */; };
		CCC90EEE13E8BDA90032DF94 /* CCTileMapAtlas.m in Sources */ = {isa = PBXBuildFile; fileRef = CCC90EED13E8BDA90032DF94 /* CCTileMapAtlas.m */; };
		CCC90EF113E8BDA90032DF94 /* CCTMXLayer.m in Sources */ = {isa = PBXBuildFile; fileRef = CCC90EF013E8BDA90032DF94 /* CCTMXLayer.m */; };
		CCC90EF413E8BDA90032DF94 /* CCTMXObjectGroup.m in Sources */ = {isa = PBXBuildFile; fileRef = CCC90EF313E8BDA90032DF94 /* CCTMXObjectGroup.m */; };
		CCC90EF713E8BDA90032DF94 /* CCTMXTiledMap.m in Sources */ = {isa = PBXBuildFile; fileRef = CCC90EF613E8BDA90032DF94 /* CCTMXTiledMap.m */; };
		CCC90EFA13E8BDA90032DF94 /* CCTMXXMLParser.m in Sources */ = {isa = PBXBuildFile; fileRef = CCC90EF913E8BDA90032DF94 /* CCTMXXMLParser.m */; };
		CCC90EFD13E8BDA90032DF94 /* CCTransition.m in Sources */ = {isa = PBXBuildFile; fileRef = CCC90EFC13E8BDA90032DF94 /* CCTransition.m */; };
		CCC90F0013E8BDA90032DF94 /* CCTransitionPageTurn.m in Sources */ = {isa = PBXBuildFile; fileRef = CCC90EFF13E8BDA90032DF94 /* CCTransitionPageTurn.m */; };
		CCC90F0313E8BDA90032DF94 /* CCTransitionRadial.m in Sources */ = {isa = PBXBuildFile; fileRef = CCC90F0213E8BDA90032DF94 /* CCTransitionRadial.m */; };
		CCC90F0713E8BDA90032DF94 /* cocos2d.m in Sources */ = {isa = PBXBuildFile; fileRef = CCC90F0613E8BDA90032DF94 /* cocos2d.m */; };
		CCC90F0E13E8BDA90032DF94 /* CCDirectorIOS.m in Sources */ = {isa = PBXBuildFile; fileRef = CCC90F0D13E8BDA90032DF94 /* CCDirectorIOS.m */; };
		CCC90F1213E8BDA90032DF94 /* CCTouchDispatcher.m in Sources */ = {isa = PBXBuildFile; fileRef = CCC90F1113E8BDA90032DF94 /* CCTouchDispatcher.m */; };
		CCC90F1513E8BDA90032DF94 /* CCTouchHandler.m in Sources */ = {isa = PBXBuildFile; fileRef = CCC90F1413E8BDA90032DF94 /* CCTouchHandler.m */; };
		CCC90F1813E8BDA90032DF94 /* EAGLView.m in Sources */ = {isa = PBXBuildFile; fileRef = CCC90F1713E8BDA90032DF94 /* EAGLView.m */; };
		CCC90F1B13E8BDA90032DF94 /* ES1Renderer.m in Sources */ = {isa = PBXBuildFile; fileRef = CCC90F1A13E8BDA90032DF94 /* ES1Renderer.m */; };
		CCC90F1E13E8BDA90032DF94 /* glu.c in Sources */ = {isa = PBXBuildFile; fileRef = CCC90F1D13E8BDA90032DF94 /* glu.c */; };
		CCC90F2313E8BDA90032DF94 /* CCDirectorMac.m in Sources */ = {isa = PBXBuildFile; fileRef = CCC90F2213E8BDA90032DF94 /* CCDirectorMac.m */; };
		CCC90F2613E8BDA90032DF94 /* CCEventDispatcher.m in Sources */ = {isa = PBXBuildFile; fileRef = CCC90F2513E8BDA90032DF94 /* CCEventDispatcher.m */; };
		CCC90F2913E8BDA90032DF94 /* MacGLView.m in Sources */ = {isa = PBXBuildFile; fileRef = CCC90F2813E8BDA90032DF94 /* MacGLView.m */; };
		CCC90F2C13E8BDA90032DF94 /* MacWindow.m in Sources */ = {isa = PBXBuildFile; fileRef = CCC90F2B13E8BDA90032DF94 /* MacWindow.m */; };
		CCC90F2F13E8BDA90032DF94 /* base64.c in Sources */ = {isa = PBXBuildFile; fileRef = CCC90F2E13E8BDA90032DF94 /* base64.c */; };
		CCC90F3313E8BDA90032DF94 /* CCArray.m in Sources */ = {isa = PBXBuildFile; fileRef = CCC90F3213E8BDA90032DF94 /* CCArray.m */; };
		CCC90F3713E8BDA90032DF94 /* CCFileUtils.m in Sources */ = {isa = PBXBuildFile; fileRef = CCC90F3613E8BDA90032DF94 /* CCFileUtils.m */; };
		CCC90F3A13E8BDA90032DF94 /* CCProfiling.m in Sources */ = {isa = PBXBuildFile; fileRef = CCC90F3913E8BDA90032DF94 /* CCProfiling.m */; };
		CCC90F3C13E8BDA90032DF94 /* ccUtils.c in Sources */ = {isa = PBXBuildFile; fileRef = CCC90F3B13E8BDA90032DF94 /* ccUtils.c */; };
		CCC90F4013E8BDA90032DF94 /* CGPointExtension.m in Sources */ = {isa = PBXBuildFile; fileRef = CCC90F3F13E8BDA90032DF94 /* CGPointExtension.m */; };
		CCC90F4413E8BDA90032DF94 /* TGAlib.m in Sources */ = {isa = PBXBuildFile; fileRef = CCC90F4313E8BDA90032DF94 /* TGAlib.m */; };
		CCC90F4713E8BDA90032DF94 /* TransformUtils.m in Sources */ = {isa = PBXBuildFile; fileRef = CCC90F4613E8BDA90032DF94 /* TransformUtils.m */; };
		CCC90F4C13E8BDA90032DF94 /* ZipUtils.m in Sources */ = {isa = PBXBuildFile; fileRef = CCC90F4B13E8BDA90032DF94 /* ZipUtils.m */; };
		CCC90F5113E8BDA90032DF94 /* CDAudioManager.m in Sources */ = {isa = PBXBuildFile; fileRef = CCC90F5013E8BDA90032DF94 /* CDAudioManager.m */; };
		CCC90F5513E8BDA90032DF94 /* CDOpenALSupport.m in Sources */ = {isa = PBXBuildFile; fileRef = CCC90F5413E8BDA90032DF94 /* CDOpenALSupport.m */; };
		CCC90F5813E8BDA90032DF94 /* CocosDenshion.m in Sources */ = {isa = PBXBuildFile; fileRef = CCC90F5713E8BDA90032DF94 /* CocosDenshion.m */; };
		CCC90F5B13E8BDA90032DF94 /* SimpleAudioEngine.m in Sources */ = {isa = PBXBuildFile; fileRef = CCC90F5A13E8BDA90032DF94 /* SimpleAudioEngine.m */; };
		CCC90F6013E8BDA90032DF94 /* CLScoreServerPost.m in Sources */ = {isa = PBXBuildFile; fileRef = CCC90F5F13E8BDA90032DF94 /* CLScoreServerPost.m */; };
		CCC90F6313E8BDA90032DF94 /* CLScoreServerRequest.m in Sources */ = {isa = PBXBuildFile; fileRef = CCC90F6213E8BDA90032DF94 /* CLScoreServerRequest.m */; };
		CCC90F6613E8BDA90032DF94 /* cocoslive.m in Sources */ = {isa = PBXBuildFile; fileRef = CCC90F6513E8BDA90032DF94 /* cocoslive.m */; };
		CCC90F6B13E8BDA90032DF94 /* CDataScanner.m in Sources */ = {isa = PBXBuildFile; fileRef = CCC90F6A13E8BDA90032DF94 /* CDataScanner.m */; };
		CCC90F6F13E8BDA90032DF94 /* CDataScanner_Extensions.m in Sources */ = {isa = PBXBuildFile; fileRef = CCC90F6E13E8BDA90032DF94 /* CDataScanner_Extensions.m */; };
		CCC90F7213E8BDA90032DF94 /* NSDictionary_JSONExtensions.m in Sources */ = {isa = PBXBuildFile; fileRef = CCC90F7113E8BDA90032DF94 /* NSDictionary_JSONExtensions.m */; };
		CCC90F7613E8BDAA0032DF94 /* CJSONDeserializer.m in Sources */ = {isa = PBXBuildFile; fileRef = CCC90F7513E8BDAA0032DF94 /* CJSONDeserializer.m */; };
		CCC90F7913E8BDAA0032DF94 /* CJSONScanner.m in Sources */ = {isa = PBXBuildFile; fileRef = CCC90F7813E8BDAA0032DF94 /* CJSONScanner.m */; };
		CCC90F7C13E8BDAA0032DF94 /* CJSONSerializer.m in Sources */ = {isa = PBXBuildFile; fileRef = CCC90F7B13E8BDAA0032DF94 /* CJSONSerializer.m */; };
		CCC90F8113E8BDAA0032DF94 /* FontLabel.m in Sources */ = {isa = PBXBuildFile; fileRef = CCC90F8013E8BDAA0032DF94 /* FontLabel.m */; };
		CCC90F8413E8BDAA0032DF94 /* FontLabelStringDrawing.m in Sources */ = {isa = PBXBuildFile; fileRef = CCC90F8313E8BDAA0032DF94 /* FontLabelStringDrawing.m */; };
		CCC90F8713E8BDAA0032DF94 /* FontManager.m in Sources */ = {isa = PBXBuildFile; fileRef = CCC90F8613E8BDAA0032DF94 /* FontManager.m */; };
		CCC90F8A13E8BDAA0032DF94 /* ZAttributedString.m in Sources */ = {isa = PBXBuildFile; fileRef = CCC90F8913E8BDAA0032DF94 /* ZAttributedString.m */; };
		CCC90F8E13E8BDAA0032DF94 /* ZFont.m in Sources */ = {isa = PBXBuildFile; fileRef = CCC90F8D13E8BDAA0032DF94 /* ZFont.m */; };
		CCC90F9313E8BDAA0032DF94 /* main.m in Sources */ = {isa = PBXBuildFile; fileRef = CCC90F9213E8BDAA0032DF94 /* main.m */; };
		CCC90F9613E8BDAA0032DF94 /* AppDelegate.m in Sources */ = {isa = PBXBuildFile; fileRef = CCC90F9513E8BDAA0032DF94 /* AppDelegate.m */; };
		CCC90F9913E8BDAA0032DF94 /* RootViewController.m in Sources */ = {isa = PBXBuildFile; fileRef = CCC90F9813E8BDAA0032DF94 /* RootViewController.m */; };
		CCC90FA513E8BFA90032DF94 /* MainLayer.m in Sources */ = {isa = PBXBuildFile; fileRef = CCC90FA413E8BFA90032DF94 /* MainLayer.m */; };
/* End PBXBuildFile section */

/* Begin PBXFileReference section */
		CCAC138413E9E63F00751FC4 /* LinkRunShieldD1.png */ = {isa = PBXFileReference; lastKnownFileType = image.png; path = LinkRunShieldD1.png; sourceTree = "<group>"; };
		CCAC138F13E9F3D300751FC4 /* BGLayer.h */ = {isa = PBXFileReference; fileEncoding = 4; lastKnownFileType = sourcecode.c.h; path = BGLayer.h; sourceTree = "<group>"; };
		CCAC139013E9F3D300751FC4 /* BGLayer.m */ = {isa = PBXFileReference; fileEncoding = 4; lastKnownFileType = sourcecode.c.objc; path = BGLayer.m; sourceTree = "<group>"; };
		CCAC139413E9F5FF00751FC4 /* Hyrule_castle.png */ = {isa = PBXFileReference; lastKnownFileType = image.png; path = Hyrule_castle.png; sourceTree = "<group>"; };
		CCAC139613E9FE1500751FC4 /* Mastersword_forest.png */ = {isa = PBXFileReference; lastKnownFileType = image.png; path = Mastersword_forest.png; sourceTree = "<group>"; };
		CCAC139813EA089E00751FC4 /* Scenemanager.h */ = {isa = PBXFileReference; fileEncoding = 4; lastKnownFileType = sourcecode.c.h; path = Scenemanager.h; sourceTree = "<group>"; };
		CCAC139913EA089E00751FC4 /* Scenemanager.m */ = {isa = PBXFileReference; fileEncoding = 4; lastKnownFileType = sourcecode.c.objc; path = Scenemanager.m; sourceTree = "<group>"; };
		CCC90E2E13E8BDA80032DF94 /* yan prototype.app */ = {isa = PBXFileReference; explicitFileType = wrapper.application; includeInIndex = 0; path = "yan prototype.app"; sourceTree = BUILT_PRODUCTS_DIR; };
		CCC90E3213E8BDA80032DF94 /* QuartzCore.framework */ = {isa = PBXFileReference; lastKnownFileType = wrapper.framework; name = QuartzCore.framework; path = System/Library/Frameworks/QuartzCore.framework; sourceTree = SDKROOT; };
		CCC90E3413E8BDA80032DF94 /* OpenGLES.framework */ = {isa = PBXFileReference; lastKnownFileType = wrapper.framework; name = OpenGLES.framework; path = System/Library/Frameworks/OpenGLES.framework; sourceTree = SDKROOT; };
		CCC90E3613E8BDA80032DF94 /* OpenAL.framework */ = {isa = PBXFileReference; lastKnownFileType = wrapper.framework; name = OpenAL.framework; path = System/Library/Frameworks/OpenAL.framework; sourceTree = SDKROOT; };
		CCC90E3813E8BDA80032DF94 /* AudioToolbox.framework */ = {isa = PBXFileReference; lastKnownFileType = wrapper.framework; name = AudioToolbox.framework; path = System/Library/Frameworks/AudioToolbox.framework; sourceTree = SDKROOT; };
		CCC90E3A13E8BDA80032DF94 /* AVFoundation.framework */ = {isa = PBXFileReference; lastKnownFileType = wrapper.framework; name = AVFoundation.framework; path = System/Library/Frameworks/AVFoundation.framework; sourceTree = SDKROOT; };
		CCC90E3C13E8BDA80032DF94 /* UIKit.framework */ = {isa = PBXFileReference; lastKnownFileType = wrapper.framework; name = UIKit.framework; path = System/Library/Frameworks/UIKit.framework; sourceTree = SDKROOT; };
		CCC90E3E13E8BDA80032DF94 /* Foundation.framework */ = {isa = PBXFileReference; lastKnownFileType = wrapper.framework; name = Foundation.framework; path = System/Library/Frameworks/Foundation.framework; sourceTree = SDKROOT; };
		CCC90E4013E8BDA80032DF94 /* CoreGraphics.framework */ = {isa = PBXFileReference; lastKnownFileType = wrapper.framework; name = CoreGraphics.framework; path = System/Library/Frameworks/CoreGraphics.framework; sourceTree = SDKROOT; };
		CCC90E4413E8BDA80032DF94 /* Default.png */ = {isa = PBXFileReference; lastKnownFileType = image.png; name = Default.png; path = Resources/Default.png; sourceTree = "<group>"; };
		CCC90E4613E8BDA80032DF94 /* fps_images.png */ = {isa = PBXFileReference; lastKnownFileType = image.png; name = fps_images.png; path = Resources/fps_images.png; sourceTree = "<group>"; };
		CCC90E4813E8BDA80032DF94 /* Icon-72.png */ = {isa = PBXFileReference; lastKnownFileType = image.png; name = "Icon-72.png"; path = "Resources/Icon-72.png"; sourceTree = "<group>"; };
		CCC90E4A13E8BDA80032DF94 /* Icon-Small-50.png */ = {isa = PBXFileReference; lastKnownFileType = image.png; name = "Icon-Small-50.png"; path = "Resources/Icon-Small-50.png"; sourceTree = "<group>"; };
		CCC90E4C13E8BDA80032DF94 /* Icon-Small.png */ = {isa = PBXFileReference; lastKnownFileType = image.png; name = "Icon-Small.png"; path = "Resources/Icon-Small.png"; sourceTree = "<group>"; };
		CCC90E4E13E8BDA80032DF94 /* Icon-Small@2x.png */ = {isa = PBXFileReference; lastKnownFileType = image.png; name = "Icon-Small@2x.png"; path = "Resources/Icon-Small@2x.png"; sourceTree = "<group>"; };
		CCC90E5013E8BDA80032DF94 /* Icon.png */ = {isa = PBXFileReference; lastKnownFileType = image.png; name = Icon.png; path = Resources/Icon.png; sourceTree = "<group>"; };
		CCC90E5213E8BDA80032DF94 /* Icon@2x.png */ = {isa = PBXFileReference; lastKnownFileType = image.png; name = "Icon@2x.png"; path = "Resources/Icon@2x.png"; sourceTree = "<group>"; };
		CCC90E5413E8BDA80032DF94 /* Info.plist */ = {isa = PBXFileReference; lastKnownFileType = text.plist.xml; name = Info.plist; path = Resources/Info.plist; sourceTree = "<group>"; };
		CCC90E5513E8BDA80032DF94 /* iTunesArtwork */ = {isa = PBXFileReference; lastKnownFileType = file; name = iTunesArtwork; path = Resources/iTunesArtwork; sourceTree = "<group>"; };
		CCC90E5913E8BDA80032DF94 /* CCAction.h */ = {isa = PBXFileReference; lastKnownFileType = sourcecode.c.h; name = CCAction.h; path = libs/cocos2d/CCAction.h; sourceTree = "<group>"; };
		CCC90E5A13E8BDA80032DF94 /* CCAction.m */ = {isa = PBXFileReference; lastKnownFileType = sourcecode.c.objc; name = CCAction.m; path = libs/cocos2d/CCAction.m; sourceTree = "<group>"; };
		CCC90E5C13E8BDA80032DF94 /* CCActionCamera.h */ = {isa = PBXFileReference; lastKnownFileType = sourcecode.c.h; name = CCActionCamera.h; path = libs/cocos2d/CCActionCamera.h; sourceTree = "<group>"; };
		CCC90E5D13E8BDA80032DF94 /* CCActionCamera.m */ = {isa = PBXFileReference; lastKnownFileType = sourcecode.c.objc; name = CCActionCamera.m; path = libs/cocos2d/CCActionCamera.m; sourceTree = "<group>"; };
		CCC90E5F13E8BDA80032DF94 /* CCActionEase.h */ = {isa = PBXFileReference; lastKnownFileType = sourcecode.c.h; name = CCActionEase.h; path = libs/cocos2d/CCActionEase.h; sourceTree = "<group>"; };
		CCC90E6013E8BDA80032DF94 /* CCActionEase.m */ = {isa = PBXFileReference; lastKnownFileType = sourcecode.c.objc; name = CCActionEase.m; path = libs/cocos2d/CCActionEase.m; sourceTree = "<group>"; };
		CCC90E6213E8BDA80032DF94 /* CCActionGrid.h */ = {isa = PBXFileReference; lastKnownFileType = sourcecode.c.h; name = CCActionGrid.h; path = libs/cocos2d/CCActionGrid.h; sourceTree = "<group>"; };
		CCC90E6313E8BDA80032DF94 /* CCActionGrid.m */ = {isa = PBXFileReference; lastKnownFileType = sourcecode.c.objc; name = CCActionGrid.m; path = libs/cocos2d/CCActionGrid.m; sourceTree = "<group>"; };
		CCC90E6513E8BDA80032DF94 /* CCActionGrid3D.h */ = {isa = PBXFileReference; lastKnownFileType = sourcecode.c.h; name = CCActionGrid3D.h; path = libs/cocos2d/CCActionGrid3D.h; sourceTree = "<group>"; };
		CCC90E6613E8BDA80032DF94 /* CCActionGrid3D.m */ = {isa = PBXFileReference; lastKnownFileType = sourcecode.c.objc; name = CCActionGrid3D.m; path = libs/cocos2d/CCActionGrid3D.m; sourceTree = "<group>"; };
		CCC90E6813E8BDA80032DF94 /* CCActionInstant.h */ = {isa = PBXFileReference; lastKnownFileType = sourcecode.c.h; name = CCActionInstant.h; path = libs/cocos2d/CCActionInstant.h; sourceTree = "<group>"; };
		CCC90E6913E8BDA80032DF94 /* CCActionInstant.m */ = {isa = PBXFileReference; lastKnownFileType = sourcecode.c.objc; name = CCActionInstant.m; path = libs/cocos2d/CCActionInstant.m; sourceTree = "<group>"; };
		CCC90E6B13E8BDA80032DF94 /* CCActionInterval.h */ = {isa = PBXFileReference; lastKnownFileType = sourcecode.c.h; name = CCActionInterval.h; path = libs/cocos2d/CCActionInterval.h; sourceTree = "<group>"; };
		CCC90E6C13E8BDA80032DF94 /* CCActionInterval.m */ = {isa = PBXFileReference; lastKnownFileType = sourcecode.c.objc; name = CCActionInterval.m; path = libs/cocos2d/CCActionInterval.m; sourceTree = "<group>"; };
		CCC90E6E13E8BDA80032DF94 /* CCActionManager.h */ = {isa = PBXFileReference; lastKnownFileType = sourcecode.c.h; name = CCActionManager.h; path = libs/cocos2d/CCActionManager.h; sourceTree = "<group>"; };
		CCC90E6F13E8BDA80032DF94 /* CCActionManager.m */ = {isa = PBXFileReference; lastKnownFileType = sourcecode.c.objc; name = CCActionManager.m; path = libs/cocos2d/CCActionManager.m; sourceTree = "<group>"; };
		CCC90E7113E8BDA80032DF94 /* CCActionPageTurn3D.h */ = {isa = PBXFileReference; lastKnownFileType = sourcecode.c.h; name = CCActionPageTurn3D.h; path = libs/cocos2d/CCActionPageTurn3D.h; sourceTree = "<group>"; };
		CCC90E7213E8BDA80032DF94 /* CCActionPageTurn3D.m */ = {isa = PBXFileReference; lastKnownFileType = sourcecode.c.objc; name = CCActionPageTurn3D.m; path = libs/cocos2d/CCActionPageTurn3D.m; sourceTree = "<group>"; };
		CCC90E7413E8BDA80032DF94 /* CCActionProgressTimer.h */ = {isa = PBXFileReference; lastKnownFileType = sourcecode.c.h; name = CCActionProgressTimer.h; path = libs/cocos2d/CCActionProgressTimer.h; sourceTree = "<group>"; };
		CCC90E7513E8BDA80032DF94 /* CCActionProgressTimer.m */ = {isa = PBXFileReference; lastKnownFileType = sourcecode.c.objc; name = CCActionProgressTimer.m; path = libs/cocos2d/CCActionProgressTimer.m; sourceTree = "<group>"; };
		CCC90E7713E8BDA80032DF94 /* CCActionTiledGrid.h */ = {isa = PBXFileReference; lastKnownFileType = sourcecode.c.h; name = CCActionTiledGrid.h; path = libs/cocos2d/CCActionTiledGrid.h; sourceTree = "<group>"; };
		CCC90E7813E8BDA80032DF94 /* CCActionTiledGrid.m */ = {isa = PBXFileReference; lastKnownFileType = sourcecode.c.objc; name = CCActionTiledGrid.m; path = libs/cocos2d/CCActionTiledGrid.m; sourceTree = "<group>"; };
		CCC90E7A13E8BDA80032DF94 /* CCActionTween.h */ = {isa = PBXFileReference; lastKnownFileType = sourcecode.c.h; name = CCActionTween.h; path = libs/cocos2d/CCActionTween.h; sourceTree = "<group>"; };
		CCC90E7B13E8BDA80032DF94 /* CCActionTween.m */ = {isa = PBXFileReference; lastKnownFileType = sourcecode.c.objc; name = CCActionTween.m; path = libs/cocos2d/CCActionTween.m; sourceTree = "<group>"; };
		CCC90E7D13E8BDA80032DF94 /* CCAnimation.h */ = {isa = PBXFileReference; lastKnownFileType = sourcecode.c.h; name = CCAnimation.h; path = libs/cocos2d/CCAnimation.h; sourceTree = "<group>"; };
		CCC90E7E13E8BDA80032DF94 /* CCAnimation.m */ = {isa = PBXFileReference; lastKnownFileType = sourcecode.c.objc; name = CCAnimation.m; path = libs/cocos2d/CCAnimation.m; sourceTree = "<group>"; };
		CCC90E8013E8BDA80032DF94 /* CCAnimationCache.h */ = {isa = PBXFileReference; lastKnownFileType = sourcecode.c.h; name = CCAnimationCache.h; path = libs/cocos2d/CCAnimationCache.h; sourceTree = "<group>"; };
		CCC90E8113E8BDA80032DF94 /* CCAnimationCache.m */ = {isa = PBXFileReference; lastKnownFileType = sourcecode.c.objc; name = CCAnimationCache.m; path = libs/cocos2d/CCAnimationCache.m; sourceTree = "<group>"; };
		CCC90E8313E8BDA80032DF94 /* CCAtlasNode.h */ = {isa = PBXFileReference; lastKnownFileType = sourcecode.c.h; name = CCAtlasNode.h; path = libs/cocos2d/CCAtlasNode.h; sourceTree = "<group>"; };
		CCC90E8413E8BDA80032DF94 /* CCAtlasNode.m */ = {isa = PBXFileReference; lastKnownFileType = sourcecode.c.objc; name = CCAtlasNode.m; path = libs/cocos2d/CCAtlasNode.m; sourceTree = "<group>"; };
		CCC90E8613E8BDA80032DF94 /* CCBlockSupport.h */ = {isa = PBXFileReference; lastKnownFileType = sourcecode.c.h; name = CCBlockSupport.h; path = libs/cocos2d/CCBlockSupport.h; sourceTree = "<group>"; };
		CCC90E8713E8BDA80032DF94 /* CCBlockSupport.m */ = {isa = PBXFileReference; lastKnownFileType = sourcecode.c.objc; name = CCBlockSupport.m; path = libs/cocos2d/CCBlockSupport.m; sourceTree = "<group>"; };
		CCC90E8913E8BDA80032DF94 /* CCCamera.h */ = {isa = PBXFileReference; lastKnownFileType = sourcecode.c.h; name = CCCamera.h; path = libs/cocos2d/CCCamera.h; sourceTree = "<group>"; };
		CCC90E8A13E8BDA80032DF94 /* CCCamera.m */ = {isa = PBXFileReference; lastKnownFileType = sourcecode.c.objc; name = CCCamera.m; path = libs/cocos2d/CCCamera.m; sourceTree = "<group>"; };
		CCC90E8C13E8BDA80032DF94 /* ccConfig.h */ = {isa = PBXFileReference; lastKnownFileType = sourcecode.c.h; name = ccConfig.h; path = libs/cocos2d/ccConfig.h; sourceTree = "<group>"; };
		CCC90E8D13E8BDA80032DF94 /* CCConfiguration.h */ = {isa = PBXFileReference; lastKnownFileType = sourcecode.c.h; name = CCConfiguration.h; path = libs/cocos2d/CCConfiguration.h; sourceTree = "<group>"; };
		CCC90E8E13E8BDA80032DF94 /* CCConfiguration.m */ = {isa = PBXFileReference; lastKnownFileType = sourcecode.c.objc; name = CCConfiguration.m; path = libs/cocos2d/CCConfiguration.m; sourceTree = "<group>"; };
		CCC90E9013E8BDA80032DF94 /* CCDirector.h */ = {isa = PBXFileReference; lastKnownFileType = sourcecode.c.h; name = CCDirector.h; path = libs/cocos2d/CCDirector.h; sourceTree = "<group>"; };
		CCC90E9113E8BDA80032DF94 /* CCDirector.m */ = {isa = PBXFileReference; lastKnownFileType = sourcecode.c.objc; name = CCDirector.m; path = libs/cocos2d/CCDirector.m; sourceTree = "<group>"; };
		CCC90E9313E8BDA80032DF94 /* CCDrawingPrimitives.h */ = {isa = PBXFileReference; lastKnownFileType = sourcecode.c.h; name = CCDrawingPrimitives.h; path = libs/cocos2d/CCDrawingPrimitives.h; sourceTree = "<group>"; };
		CCC90E9413E8BDA80032DF94 /* CCDrawingPrimitives.m */ = {isa = PBXFileReference; lastKnownFileType = sourcecode.c.objc; name = CCDrawingPrimitives.m; path = libs/cocos2d/CCDrawingPrimitives.m; sourceTree = "<group>"; };
		CCC90E9613E8BDA80032DF94 /* CCGrabber.h */ = {isa = PBXFileReference; lastKnownFileType = sourcecode.c.h; name = CCGrabber.h; path = libs/cocos2d/CCGrabber.h; sourceTree = "<group>"; };
		CCC90E9713E8BDA80032DF94 /* CCGrabber.m */ = {isa = PBXFileReference; lastKnownFileType = sourcecode.c.objc; name = CCGrabber.m; path = libs/cocos2d/CCGrabber.m; sourceTree = "<group>"; };
		CCC90E9913E8BDA80032DF94 /* CCGrid.h */ = {isa = PBXFileReference; lastKnownFileType = sourcecode.c.h; name = CCGrid.h; path = libs/cocos2d/CCGrid.h; sourceTree = "<group>"; };
		CCC90E9A13E8BDA80032DF94 /* CCGrid.m */ = {isa = PBXFileReference; lastKnownFileType = sourcecode.c.objc; name = CCGrid.m; path = libs/cocos2d/CCGrid.m; sourceTree = "<group>"; };
		CCC90E9C13E8BDA80032DF94 /* CCLabelAtlas.h */ = {isa = PBXFileReference; lastKnownFileType = sourcecode.c.h; name = CCLabelAtlas.h; path = libs/cocos2d/CCLabelAtlas.h; sourceTree = "<group>"; };
		CCC90E9D13E8BDA80032DF94 /* CCLabelAtlas.m */ = {isa = PBXFileReference; lastKnownFileType = sourcecode.c.objc; name = CCLabelAtlas.m; path = libs/cocos2d/CCLabelAtlas.m; sourceTree = "<group>"; };
		CCC90E9F13E8BDA80032DF94 /* CCLabelBMFont.h */ = {isa = PBXFileReference; lastKnownFileType = sourcecode.c.h; name = CCLabelBMFont.h; path = libs/cocos2d/CCLabelBMFont.h; sourceTree = "<group>"; };
		CCC90EA013E8BDA80032DF94 /* CCLabelBMFont.m */ = {isa = PBXFileReference; lastKnownFileType = sourcecode.c.objc; name = CCLabelBMFont.m; path = libs/cocos2d/CCLabelBMFont.m; sourceTree = "<group>"; };
		CCC90EA213E8BDA80032DF94 /* CCLabelTTF.h */ = {isa = PBXFileReference; lastKnownFileType = sourcecode.c.h; name = CCLabelTTF.h; path = libs/cocos2d/CCLabelTTF.h; sourceTree = "<group>"; };
		CCC90EA313E8BDA80032DF94 /* CCLabelTTF.m */ = {isa = PBXFileReference; lastKnownFileType = sourcecode.c.objc; name = CCLabelTTF.m; path = libs/cocos2d/CCLabelTTF.m; sourceTree = "<group>"; };
		CCC90EA513E8BDA80032DF94 /* CCLayer.h */ = {isa = PBXFileReference; lastKnownFileType = sourcecode.c.h; name = CCLayer.h; path = libs/cocos2d/CCLayer.h; sourceTree = "<group>"; };
		CCC90EA613E8BDA80032DF94 /* CCLayer.m */ = {isa = PBXFileReference; lastKnownFileType = sourcecode.c.objc; name = CCLayer.m; path = libs/cocos2d/CCLayer.m; sourceTree = "<group>"; };
		CCC90EA813E8BDA90032DF94 /* ccMacros.h */ = {isa = PBXFileReference; lastKnownFileType = sourcecode.c.h; name = ccMacros.h; path = libs/cocos2d/ccMacros.h; sourceTree = "<group>"; };
		CCC90EA913E8BDA90032DF94 /* CCMenu.h */ = {isa = PBXFileReference; lastKnownFileType = sourcecode.c.h; name = CCMenu.h; path = libs/cocos2d/CCMenu.h; sourceTree = "<group>"; };
		CCC90EAA13E8BDA90032DF94 /* CCMenu.m */ = {isa = PBXFileReference; lastKnownFileType = sourcecode.c.objc; name = CCMenu.m; path = libs/cocos2d/CCMenu.m; sourceTree = "<group>"; };
		CCC90EAC13E8BDA90032DF94 /* CCMenuItem.h */ = {isa = PBXFileReference; lastKnownFileType = sourcecode.c.h; name = CCMenuItem.h; path = libs/cocos2d/CCMenuItem.h; sourceTree = "<group>"; };
		CCC90EAD13E8BDA90032DF94 /* CCMenuItem.m */ = {isa = PBXFileReference; lastKnownFileType = sourcecode.c.objc; name = CCMenuItem.m; path = libs/cocos2d/CCMenuItem.m; sourceTree = "<group>"; };
		CCC90EAF13E8BDA90032DF94 /* CCMotionStreak.h */ = {isa = PBXFileReference; lastKnownFileType = sourcecode.c.h; name = CCMotionStreak.h; path = libs/cocos2d/CCMotionStreak.h; sourceTree = "<group>"; };
		CCC90EB013E8BDA90032DF94 /* CCMotionStreak.m */ = {isa = PBXFileReference; lastKnownFileType = sourcecode.c.objc; name = CCMotionStreak.m; path = libs/cocos2d/CCMotionStreak.m; sourceTree = "<group>"; };
		CCC90EB213E8BDA90032DF94 /* CCNode.h */ = {isa = PBXFileReference; lastKnownFileType = sourcecode.c.h; name = CCNode.h; path = libs/cocos2d/CCNode.h; sourceTree = "<group>"; };
		CCC90EB313E8BDA90032DF94 /* CCNode.m */ = {isa = PBXFileReference; lastKnownFileType = sourcecode.c.objc; name = CCNode.m; path = libs/cocos2d/CCNode.m; sourceTree = "<group>"; };
		CCC90EB513E8BDA90032DF94 /* CCParallaxNode.h */ = {isa = PBXFileReference; lastKnownFileType = sourcecode.c.h; name = CCParallaxNode.h; path = libs/cocos2d/CCParallaxNode.h; sourceTree = "<group>"; };
		CCC90EB613E8BDA90032DF94 /* CCParallaxNode.m */ = {isa = PBXFileReference; lastKnownFileType = sourcecode.c.objc; name = CCParallaxNode.m; path = libs/cocos2d/CCParallaxNode.m; sourceTree = "<group>"; };
		CCC90EB813E8BDA90032DF94 /* CCParticleExamples.h */ = {isa = PBXFileReference; lastKnownFileType = sourcecode.c.h; name = CCParticleExamples.h; path = libs/cocos2d/CCParticleExamples.h; sourceTree = "<group>"; };
		CCC90EB913E8BDA90032DF94 /* CCParticleExamples.m */ = {isa = PBXFileReference; lastKnownFileType = sourcecode.c.objc; name = CCParticleExamples.m; path = libs/cocos2d/CCParticleExamples.m; sourceTree = "<group>"; };
		CCC90EBB13E8BDA90032DF94 /* CCParticleSystem.h */ = {isa = PBXFileReference; lastKnownFileType = sourcecode.c.h; name = CCParticleSystem.h; path = libs/cocos2d/CCParticleSystem.h; sourceTree = "<group>"; };
		CCC90EBC13E8BDA90032DF94 /* CCParticleSystem.m */ = {isa = PBXFileReference; lastKnownFileType = sourcecode.c.objc; name = CCParticleSystem.m; path = libs/cocos2d/CCParticleSystem.m; sourceTree = "<group>"; };
		CCC90EBE13E8BDA90032DF94 /* CCParticleSystemPoint.h */ = {isa = PBXFileReference; lastKnownFileType = sourcecode.c.h; name = CCParticleSystemPoint.h; path = libs/cocos2d/CCParticleSystemPoint.h; sourceTree = "<group>"; };
		CCC90EBF13E8BDA90032DF94 /* CCParticleSystemPoint.m */ = {isa = PBXFileReference; lastKnownFileType = sourcecode.c.objc; name = CCParticleSystemPoint.m; path = libs/cocos2d/CCParticleSystemPoint.m; sourceTree = "<group>"; };
		CCC90EC113E8BDA90032DF94 /* CCParticleSystemQuad.h */ = {isa = PBXFileReference; lastKnownFileType = sourcecode.c.h; name = CCParticleSystemQuad.h; path = libs/cocos2d/CCParticleSystemQuad.h; sourceTree = "<group>"; };
		CCC90EC213E8BDA90032DF94 /* CCParticleSystemQuad.m */ = {isa = PBXFileReference; lastKnownFileType = sourcecode.c.objc; name = CCParticleSystemQuad.m; path = libs/cocos2d/CCParticleSystemQuad.m; sourceTree = "<group>"; };
		CCC90EC413E8BDA90032DF94 /* CCProgressTimer.h */ = {isa = PBXFileReference; lastKnownFileType = sourcecode.c.h; name = CCProgressTimer.h; path = libs/cocos2d/CCProgressTimer.h; sourceTree = "<group>"; };
		CCC90EC513E8BDA90032DF94 /* CCProgressTimer.m */ = {isa = PBXFileReference; lastKnownFileType = sourcecode.c.objc; name = CCProgressTimer.m; path = libs/cocos2d/CCProgressTimer.m; sourceTree = "<group>"; };
		CCC90EC713E8BDA90032DF94 /* CCProtocols.h */ = {isa = PBXFileReference; lastKnownFileType = sourcecode.c.h; name = CCProtocols.h; path = libs/cocos2d/CCProtocols.h; sourceTree = "<group>"; };
		CCC90EC813E8BDA90032DF94 /* CCRenderTexture.h */ = {isa = PBXFileReference; lastKnownFileType = sourcecode.c.h; name = CCRenderTexture.h; path = libs/cocos2d/CCRenderTexture.h; sourceTree = "<group>"; };
		CCC90EC913E8BDA90032DF94 /* CCRenderTexture.m */ = {isa = PBXFileReference; lastKnownFileType = sourcecode.c.objc; name = CCRenderTexture.m; path = libs/cocos2d/CCRenderTexture.m; sourceTree = "<group>"; };
		CCC90ECB13E8BDA90032DF94 /* CCRibbon.h */ = {isa = PBXFileReference; lastKnownFileType = sourcecode.c.h; name = CCRibbon.h; path = libs/cocos2d/CCRibbon.h; sourceTree = "<group>"; };
		CCC90ECC13E8BDA90032DF94 /* CCRibbon.m */ = {isa = PBXFileReference; lastKnownFileType = sourcecode.c.objc; name = CCRibbon.m; path = libs/cocos2d/CCRibbon.m; sourceTree = "<group>"; };
		CCC90ECE13E8BDA90032DF94 /* CCScene.h */ = {isa = PBXFileReference; lastKnownFileType = sourcecode.c.h; name = CCScene.h; path = libs/cocos2d/CCScene.h; sourceTree = "<group>"; };
		CCC90ECF13E8BDA90032DF94 /* CCScene.m */ = {isa = PBXFileReference; lastKnownFileType = sourcecode.c.objc; name = CCScene.m; path = libs/cocos2d/CCScene.m; sourceTree = "<group>"; };
		CCC90ED113E8BDA90032DF94 /* CCScheduler.h */ = {isa = PBXFileReference; lastKnownFileType = sourcecode.c.h; name = CCScheduler.h; path = libs/cocos2d/CCScheduler.h; sourceTree = "<group>"; };
		CCC90ED213E8BDA90032DF94 /* CCScheduler.m */ = {isa = PBXFileReference; lastKnownFileType = sourcecode.c.objc; name = CCScheduler.m; path = libs/cocos2d/CCScheduler.m; sourceTree = "<group>"; };
		CCC90ED413E8BDA90032DF94 /* CCSprite.h */ = {isa = PBXFileReference; lastKnownFileType = sourcecode.c.h; name = CCSprite.h; path = libs/cocos2d/CCSprite.h; sourceTree = "<group>"; };
		CCC90ED513E8BDA90032DF94 /* CCSprite.m */ = {isa = PBXFileReference; lastKnownFileType = sourcecode.c.objc; name = CCSprite.m; path = libs/cocos2d/CCSprite.m; sourceTree = "<group>"; };
		CCC90ED713E8BDA90032DF94 /* CCSpriteBatchNode.h */ = {isa = PBXFileReference; lastKnownFileType = sourcecode.c.h; name = CCSpriteBatchNode.h; path = libs/cocos2d/CCSpriteBatchNode.h; sourceTree = "<group>"; };
		CCC90ED813E8BDA90032DF94 /* CCSpriteBatchNode.m */ = {isa = PBXFileReference; lastKnownFileType = sourcecode.c.objc; name = CCSpriteBatchNode.m; path = libs/cocos2d/CCSpriteBatchNode.m; sourceTree = "<group>"; };
		CCC90EDA13E8BDA90032DF94 /* CCSpriteFrame.h */ = {isa = PBXFileReference; lastKnownFileType = sourcecode.c.h; name = CCSpriteFrame.h; path = libs/cocos2d/CCSpriteFrame.h; sourceTree = "<group>"; };
		CCC90EDB13E8BDA90032DF94 /* CCSpriteFrame.m */ = {isa = PBXFileReference; lastKnownFileType = sourcecode.c.objc; name = CCSpriteFrame.m; path = libs/cocos2d/CCSpriteFrame.m; sourceTree = "<group>"; };
		CCC90EDD13E8BDA90032DF94 /* CCSpriteFrameCache.h */ = {isa = PBXFileReference; lastKnownFileType = sourcecode.c.h; name = CCSpriteFrameCache.h; path = libs/cocos2d/CCSpriteFrameCache.h; sourceTree = "<group>"; };
		CCC90EDE13E8BDA90032DF94 /* CCSpriteFrameCache.m */ = {isa = PBXFileReference; lastKnownFileType = sourcecode.c.objc; name = CCSpriteFrameCache.m; path = libs/cocos2d/CCSpriteFrameCache.m; sourceTree = "<group>"; };
		CCC90EE013E8BDA90032DF94 /* CCTexture2D.h */ = {isa = PBXFileReference; lastKnownFileType = sourcecode.c.h; name = CCTexture2D.h; path = libs/cocos2d/CCTexture2D.h; sourceTree = "<group>"; };
		CCC90EE113E8BDA90032DF94 /* CCTexture2D.m */ = {isa = PBXFileReference; lastKnownFileType = sourcecode.c.objc; name = CCTexture2D.m; path = libs/cocos2d/CCTexture2D.m; sourceTree = "<group>"; };
		CCC90EE313E8BDA90032DF94 /* CCTextureAtlas.h */ = {isa = PBXFileReference; lastKnownFileType = sourcecode.c.h; name = CCTextureAtlas.h; path = libs/cocos2d/CCTextureAtlas.h; sourceTree = "<group>"; };
		CCC90EE413E8BDA90032DF94 /* CCTextureAtlas.m */ = {isa = PBXFileReference; lastKnownFileType = sourcecode.c.objc; name = CCTextureAtlas.m; path = libs/cocos2d/CCTextureAtlas.m; sourceTree = "<group>"; };
		CCC90EE613E8BDA90032DF94 /* CCTextureCache.h */ = {isa = PBXFileReference; lastKnownFileType = sourcecode.c.h; name = CCTextureCache.h; path = libs/cocos2d/CCTextureCache.h; sourceTree = "<group>"; };
		CCC90EE713E8BDA90032DF94 /* CCTextureCache.m */ = {isa = PBXFileReference; lastKnownFileType = sourcecode.c.objc; name = CCTextureCache.m; path = libs/cocos2d/CCTextureCache.m; sourceTree = "<group>"; };
		CCC90EE913E8BDA90032DF94 /* CCTexturePVR.h */ = {isa = PBXFileReference; lastKnownFileType = sourcecode.c.h; name = CCTexturePVR.h; path = libs/cocos2d/CCTexturePVR.h; sourceTree = "<group>"; };
		CCC90EEA13E8BDA90032DF94 /* CCTexturePVR.m */ = {isa = PBXFileReference; lastKnownFileType = sourcecode.c.objc; name = CCTexturePVR.m; path = libs/cocos2d/CCTexturePVR.m; sourceTree = "<group>"; };
		CCC90EEC13E8BDA90032DF94 /* CCTileMapAtlas.h */ = {isa = PBXFileReference; lastKnownFileType = sourcecode.c.h; name = CCTileMapAtlas.h; path = libs/cocos2d/CCTileMapAtlas.h; sourceTree = "<group>"; };
		CCC90EED13E8BDA90032DF94 /* CCTileMapAtlas.m */ = {isa = PBXFileReference; lastKnownFileType = sourcecode.c.objc; name = CCTileMapAtlas.m; path = libs/cocos2d/CCTileMapAtlas.m; sourceTree = "<group>"; };
		CCC90EEF13E8BDA90032DF94 /* CCTMXLayer.h */ = {isa = PBXFileReference; lastKnownFileType = sourcecode.c.h; name = CCTMXLayer.h; path = libs/cocos2d/CCTMXLayer.h; sourceTree = "<group>"; };
		CCC90EF013E8BDA90032DF94 /* CCTMXLayer.m */ = {isa = PBXFileReference; lastKnownFileType = sourcecode.c.objc; name = CCTMXLayer.m; path = libs/cocos2d/CCTMXLayer.m; sourceTree = "<group>"; };
		CCC90EF213E8BDA90032DF94 /* CCTMXObjectGroup.h */ = {isa = PBXFileReference; lastKnownFileType = sourcecode.c.h; name = CCTMXObjectGroup.h; path = libs/cocos2d/CCTMXObjectGroup.h; sourceTree = "<group>"; };
		CCC90EF313E8BDA90032DF94 /* CCTMXObjectGroup.m */ = {isa = PBXFileReference; lastKnownFileType = sourcecode.c.objc; name = CCTMXObjectGroup.m; path = libs/cocos2d/CCTMXObjectGroup.m; sourceTree = "<group>"; };
		CCC90EF513E8BDA90032DF94 /* CCTMXTiledMap.h */ = {isa = PBXFileReference; lastKnownFileType = sourcecode.c.h; name = CCTMXTiledMap.h; path = libs/cocos2d/CCTMXTiledMap.h; sourceTree = "<group>"; };
		CCC90EF613E8BDA90032DF94 /* CCTMXTiledMap.m */ = {isa = PBXFileReference; lastKnownFileType = sourcecode.c.objc; name = CCTMXTiledMap.m; path = libs/cocos2d/CCTMXTiledMap.m; sourceTree = "<group>"; };
		CCC90EF813E8BDA90032DF94 /* CCTMXXMLParser.h */ = {isa = PBXFileReference; lastKnownFileType = sourcecode.c.h; name = CCTMXXMLParser.h; path = libs/cocos2d/CCTMXXMLParser.h; sourceTree = "<group>"; };
		CCC90EF913E8BDA90032DF94 /* CCTMXXMLParser.m */ = {isa = PBXFileReference; lastKnownFileType = sourcecode.c.objc; name = CCTMXXMLParser.m; path = libs/cocos2d/CCTMXXMLParser.m; sourceTree = "<group>"; };
		CCC90EFB13E8BDA90032DF94 /* CCTransition.h */ = {isa = PBXFileReference; lastKnownFileType = sourcecode.c.h; name = CCTransition.h; path = libs/cocos2d/CCTransition.h; sourceTree = "<group>"; };
		CCC90EFC13E8BDA90032DF94 /* CCTransition.m */ = {isa = PBXFileReference; lastKnownFileType = sourcecode.c.objc; name = CCTransition.m; path = libs/cocos2d/CCTransition.m; sourceTree = "<group>"; };
		CCC90EFE13E8BDA90032DF94 /* CCTransitionPageTurn.h */ = {isa = PBXFileReference; lastKnownFileType = sourcecode.c.h; name = CCTransitionPageTurn.h; path = libs/cocos2d/CCTransitionPageTurn.h; sourceTree = "<group>"; };
		CCC90EFF13E8BDA90032DF94 /* CCTransitionPageTurn.m */ = {isa = PBXFileReference; lastKnownFileType = sourcecode.c.objc; name = CCTransitionPageTurn.m; path = libs/cocos2d/CCTransitionPageTurn.m; sourceTree = "<group>"; };
		CCC90F0113E8BDA90032DF94 /* CCTransitionRadial.h */ = {isa = PBXFileReference; lastKnownFileType = sourcecode.c.h; name = CCTransitionRadial.h; path = libs/cocos2d/CCTransitionRadial.h; sourceTree = "<group>"; };
		CCC90F0213E8BDA90032DF94 /* CCTransitionRadial.m */ = {isa = PBXFileReference; lastKnownFileType = sourcecode.c.objc; name = CCTransitionRadial.m; path = libs/cocos2d/CCTransitionRadial.m; sourceTree = "<group>"; };
		CCC90F0413E8BDA90032DF94 /* ccTypes.h */ = {isa = PBXFileReference; lastKnownFileType = sourcecode.c.h; name = ccTypes.h; path = libs/cocos2d/ccTypes.h; sourceTree = "<group>"; };
		CCC90F0513E8BDA90032DF94 /* cocos2d.h */ = {isa = PBXFileReference; lastKnownFileType = sourcecode.c.h; name = cocos2d.h; path = libs/cocos2d/cocos2d.h; sourceTree = "<group>"; };
		CCC90F0613E8BDA90032DF94 /* cocos2d.m */ = {isa = PBXFileReference; lastKnownFileType = sourcecode.c.objc; name = cocos2d.m; path = libs/cocos2d/cocos2d.m; sourceTree = "<group>"; };
		CCC90F0913E8BDA90032DF94 /* CCGL.h */ = {isa = PBXFileReference; lastKnownFileType = sourcecode.c.h; name = CCGL.h; path = libs/cocos2d/Platforms/CCGL.h; sourceTree = "<group>"; };
		CCC90F0A13E8BDA90032DF94 /* CCNS.h */ = {isa = PBXFileReference; lastKnownFileType = sourcecode.c.h; name = CCNS.h; path = libs/cocos2d/Platforms/CCNS.h; sourceTree = "<group>"; };
		CCC90F0C13E8BDA90032DF94 /* CCDirectorIOS.h */ = {isa = PBXFileReference; lastKnownFileType = sourcecode.c.h; name = CCDirectorIOS.h; path = libs/cocos2d/Platforms/iOS/CCDirectorIOS.h; sourceTree = "<group>"; };
		CCC90F0D13E8BDA90032DF94 /* CCDirectorIOS.m */ = {isa = PBXFileReference; lastKnownFileType = sourcecode.c.objc; name = CCDirectorIOS.m; path = libs/cocos2d/Platforms/iOS/CCDirectorIOS.m; sourceTree = "<group>"; };
		CCC90F0F13E8BDA90032DF94 /* CCTouchDelegateProtocol.h */ = {isa = PBXFileReference; lastKnownFileType = sourcecode.c.h; name = CCTouchDelegateProtocol.h; path = libs/cocos2d/Platforms/iOS/CCTouchDelegateProtocol.h; sourceTree = "<group>"; };
		CCC90F1013E8BDA90032DF94 /* CCTouchDispatcher.h */ = {isa = PBXFileReference; lastKnownFileType = sourcecode.c.h; name = CCTouchDispatcher.h; path = libs/cocos2d/Platforms/iOS/CCTouchDispatcher.h; sourceTree = "<group>"; };
		CCC90F1113E8BDA90032DF94 /* CCTouchDispatcher.m */ = {isa = PBXFileReference; lastKnownFileType = sourcecode.c.objc; name = CCTouchDispatcher.m; path = libs/cocos2d/Platforms/iOS/CCTouchDispatcher.m; sourceTree = "<group>"; };
		CCC90F1313E8BDA90032DF94 /* CCTouchHandler.h */ = {isa = PBXFileReference; lastKnownFileType = sourcecode.c.h; name = CCTouchHandler.h; path = libs/cocos2d/Platforms/iOS/CCTouchHandler.h; sourceTree = "<group>"; };
		CCC90F1413E8BDA90032DF94 /* CCTouchHandler.m */ = {isa = PBXFileReference; lastKnownFileType = sourcecode.c.objc; name = CCTouchHandler.m; path = libs/cocos2d/Platforms/iOS/CCTouchHandler.m; sourceTree = "<group>"; };
		CCC90F1613E8BDA90032DF94 /* EAGLView.h */ = {isa = PBXFileReference; lastKnownFileType = sourcecode.c.h; name = EAGLView.h; path = libs/cocos2d/Platforms/iOS/EAGLView.h; sourceTree = "<group>"; };
		CCC90F1713E8BDA90032DF94 /* EAGLView.m */ = {isa = PBXFileReference; lastKnownFileType = sourcecode.c.objc; name = EAGLView.m; path = libs/cocos2d/Platforms/iOS/EAGLView.m; sourceTree = "<group>"; };
		CCC90F1913E8BDA90032DF94 /* ES1Renderer.h */ = {isa = PBXFileReference; lastKnownFileType = sourcecode.c.h; name = ES1Renderer.h; path = libs/cocos2d/Platforms/iOS/ES1Renderer.h; sourceTree = "<group>"; };
		CCC90F1A13E8BDA90032DF94 /* ES1Renderer.m */ = {isa = PBXFileReference; lastKnownFileType = sourcecode.c.objc; name = ES1Renderer.m; path = libs/cocos2d/Platforms/iOS/ES1Renderer.m; sourceTree = "<group>"; };
		CCC90F1C13E8BDA90032DF94 /* ESRenderer.h */ = {isa = PBXFileReference; lastKnownFileType = sourcecode.c.h; name = ESRenderer.h; path = libs/cocos2d/Platforms/iOS/ESRenderer.h; sourceTree = "<group>"; };
		CCC90F1D13E8BDA90032DF94 /* glu.c */ = {isa = PBXFileReference; lastKnownFileType = sourcecode.c.c; name = glu.c; path = libs/cocos2d/Platforms/iOS/glu.c; sourceTree = "<group>"; };
		CCC90F1F13E8BDA90032DF94 /* glu.h */ = {isa = PBXFileReference; lastKnownFileType = sourcecode.c.h; name = glu.h; path = libs/cocos2d/Platforms/iOS/glu.h; sourceTree = "<group>"; };
		CCC90F2113E8BDA90032DF94 /* CCDirectorMac.h */ = {isa = PBXFileReference; lastKnownFileType = sourcecode.c.h; name = CCDirectorMac.h; path = libs/cocos2d/Platforms/Mac/CCDirectorMac.h; sourceTree = "<group>"; };
		CCC90F2213E8BDA90032DF94 /* CCDirectorMac.m */ = {isa = PBXFileReference; lastKnownFileType = sourcecode.c.objc; name = CCDirectorMac.m; path = libs/cocos2d/Platforms/Mac/CCDirectorMac.m; sourceTree = "<group>"; };
		CCC90F2413E8BDA90032DF94 /* CCEventDispatcher.h */ = {isa = PBXFileReference; lastKnownFileType = sourcecode.c.h; name = CCEventDispatcher.h; path = libs/cocos2d/Platforms/Mac/CCEventDispatcher.h; sourceTree = "<group>"; };
		CCC90F2513E8BDA90032DF94 /* CCEventDispatcher.m */ = {isa = PBXFileReference; lastKnownFileType = sourcecode.c.objc; name = CCEventDispatcher.m; path = libs/cocos2d/Platforms/Mac/CCEventDispatcher.m; sourceTree = "<group>"; };
		CCC90F2713E8BDA90032DF94 /* MacGLView.h */ = {isa = PBXFileReference; lastKnownFileType = sourcecode.c.h; name = MacGLView.h; path = libs/cocos2d/Platforms/Mac/MacGLView.h; sourceTree = "<group>"; };
		CCC90F2813E8BDA90032DF94 /* MacGLView.m */ = {isa = PBXFileReference; lastKnownFileType = sourcecode.c.objc; name = MacGLView.m; path = libs/cocos2d/Platforms/Mac/MacGLView.m; sourceTree = "<group>"; };
		CCC90F2A13E8BDA90032DF94 /* MacWindow.h */ = {isa = PBXFileReference; lastKnownFileType = sourcecode.c.h; name = MacWindow.h; path = libs/cocos2d/Platforms/Mac/MacWindow.h; sourceTree = "<group>"; };
		CCC90F2B13E8BDA90032DF94 /* MacWindow.m */ = {isa = PBXFileReference; lastKnownFileType = sourcecode.c.objc; name = MacWindow.m; path = libs/cocos2d/Platforms/Mac/MacWindow.m; sourceTree = "<group>"; };
		CCC90F2E13E8BDA90032DF94 /* base64.c */ = {isa = PBXFileReference; lastKnownFileType = sourcecode.c.c; name = base64.c; path = libs/cocos2d/Support/base64.c; sourceTree = "<group>"; };
		CCC90F3013E8BDA90032DF94 /* base64.h */ = {isa = PBXFileReference; lastKnownFileType = sourcecode.c.h; name = base64.h; path = libs/cocos2d/Support/base64.h; sourceTree = "<group>"; };
		CCC90F3113E8BDA90032DF94 /* CCArray.h */ = {isa = PBXFileReference; lastKnownFileType = sourcecode.c.h; name = CCArray.h; path = libs/cocos2d/Support/CCArray.h; sourceTree = "<group>"; };
		CCC90F3213E8BDA90032DF94 /* CCArray.m */ = {isa = PBXFileReference; lastKnownFileType = sourcecode.c.objc; name = CCArray.m; path = libs/cocos2d/Support/CCArray.m; sourceTree = "<group>"; };
		CCC90F3413E8BDA90032DF94 /* ccCArray.h */ = {isa = PBXFileReference; lastKnownFileType = sourcecode.c.h; name = ccCArray.h; path = libs/cocos2d/Support/ccCArray.h; sourceTree = "<group>"; };
		CCC90F3513E8BDA90032DF94 /* CCFileUtils.h */ = {isa = PBXFileReference; lastKnownFileType = sourcecode.c.h; name = CCFileUtils.h; path = libs/cocos2d/Support/CCFileUtils.h; sourceTree = "<group>"; };
		CCC90F3613E8BDA90032DF94 /* CCFileUtils.m */ = {isa = PBXFileReference; lastKnownFileType = sourcecode.c.objc; name = CCFileUtils.m; path = libs/cocos2d/Support/CCFileUtils.m; sourceTree = "<group>"; };
		CCC90F3813E8BDA90032DF94 /* CCProfiling.h */ = {isa = PBXFileReference; lastKnownFileType = sourcecode.c.h; name = CCProfiling.h; path = libs/cocos2d/Support/CCProfiling.h; sourceTree = "<group>"; };
		CCC90F3913E8BDA90032DF94 /* CCProfiling.m */ = {isa = PBXFileReference; lastKnownFileType = sourcecode.c.objc; name = CCProfiling.m; path = libs/cocos2d/Support/CCProfiling.m; sourceTree = "<group>"; };
		CCC90F3B13E8BDA90032DF94 /* ccUtils.c */ = {isa = PBXFileReference; lastKnownFileType = sourcecode.c.c; name = ccUtils.c; path = libs/cocos2d/Support/ccUtils.c; sourceTree = "<group>"; };
		CCC90F3D13E8BDA90032DF94 /* ccUtils.h */ = {isa = PBXFileReference; lastKnownFileType = sourcecode.c.h; name = ccUtils.h; path = libs/cocos2d/Support/ccUtils.h; sourceTree = "<group>"; };
		CCC90F3E13E8BDA90032DF94 /* CGPointExtension.h */ = {isa = PBXFileReference; lastKnownFileType = sourcecode.c.h; name = CGPointExtension.h; path = libs/cocos2d/Support/CGPointExtension.h; sourceTree = "<group>"; };
		CCC90F3F13E8BDA90032DF94 /* CGPointExtension.m */ = {isa = PBXFileReference; lastKnownFileType = sourcecode.c.objc; name = CGPointExtension.m; path = libs/cocos2d/Support/CGPointExtension.m; sourceTree = "<group>"; };
		CCC90F4113E8BDA90032DF94 /* OpenGL_Internal.h */ = {isa = PBXFileReference; lastKnownFileType = sourcecode.c.h; name = OpenGL_Internal.h; path = libs/cocos2d/Support/OpenGL_Internal.h; sourceTree = "<group>"; };
		CCC90F4213E8BDA90032DF94 /* TGAlib.h */ = {isa = PBXFileReference; lastKnownFileType = sourcecode.c.h; name = TGAlib.h; path = libs/cocos2d/Support/TGAlib.h; sourceTree = "<group>"; };
		CCC90F4313E8BDA90032DF94 /* TGAlib.m */ = {isa = PBXFileReference; lastKnownFileType = sourcecode.c.objc; name = TGAlib.m; path = libs/cocos2d/Support/TGAlib.m; sourceTree = "<group>"; };
		CCC90F4513E8BDA90032DF94 /* TransformUtils.h */ = {isa = PBXFileReference; lastKnownFileType = sourcecode.c.h; name = TransformUtils.h; path = libs/cocos2d/Support/TransformUtils.h; sourceTree = "<group>"; };
		CCC90F4613E8BDA90032DF94 /* TransformUtils.m */ = {isa = PBXFileReference; lastKnownFileType = sourcecode.c.objc; name = TransformUtils.m; path = libs/cocos2d/Support/TransformUtils.m; sourceTree = "<group>"; };
		CCC90F4813E8BDA90032DF94 /* uthash.h */ = {isa = PBXFileReference; lastKnownFileType = sourcecode.c.h; name = uthash.h; path = libs/cocos2d/Support/uthash.h; sourceTree = "<group>"; };
		CCC90F4913E8BDA90032DF94 /* utlist.h */ = {isa = PBXFileReference; lastKnownFileType = sourcecode.c.h; name = utlist.h; path = libs/cocos2d/Support/utlist.h; sourceTree = "<group>"; };
		CCC90F4A13E8BDA90032DF94 /* ZipUtils.h */ = {isa = PBXFileReference; lastKnownFileType = sourcecode.c.h; name = ZipUtils.h; path = libs/cocos2d/Support/ZipUtils.h; sourceTree = "<group>"; };
		CCC90F4B13E8BDA90032DF94 /* ZipUtils.m */ = {isa = PBXFileReference; lastKnownFileType = sourcecode.c.objc; name = ZipUtils.m; path = libs/cocos2d/Support/ZipUtils.m; sourceTree = "<group>"; };
		CCC90F4D13E8BDA90032DF94 /* LICENSE_cocos2d.txt */ = {isa = PBXFileReference; lastKnownFileType = text; name = LICENSE_cocos2d.txt; path = libs/LICENSE_cocos2d.txt; sourceTree = "<group>"; };
		CCC90F4F13E8BDA90032DF94 /* CDAudioManager.h */ = {isa = PBXFileReference; lastKnownFileType = sourcecode.c.h; name = CDAudioManager.h; path = libs/CocosDenshion/CDAudioManager.h; sourceTree = "<group>"; };
		CCC90F5013E8BDA90032DF94 /* CDAudioManager.m */ = {isa = PBXFileReference; lastKnownFileType = sourcecode.c.objc; name = CDAudioManager.m; path = libs/CocosDenshion/CDAudioManager.m; sourceTree = "<group>"; };
		CCC90F5213E8BDA90032DF94 /* CDConfig.h */ = {isa = PBXFileReference; lastKnownFileType = sourcecode.c.h; name = CDConfig.h; path = libs/CocosDenshion/CDConfig.h; sourceTree = "<group>"; };
		CCC90F5313E8BDA90032DF94 /* CDOpenALSupport.h */ = {isa = PBXFileReference; lastKnownFileType = sourcecode.c.h; name = CDOpenALSupport.h; path = libs/CocosDenshion/CDOpenALSupport.h; sourceTree = "<group>"; };
		CCC90F5413E8BDA90032DF94 /* CDOpenALSupport.m */ = {isa = PBXFileReference; lastKnownFileType = sourcecode.c.objc; name = CDOpenALSupport.m; path = libs/CocosDenshion/CDOpenALSupport.m; sourceTree = "<group>"; };
		CCC90F5613E8BDA90032DF94 /* CocosDenshion.h */ = {isa = PBXFileReference; lastKnownFileType = sourcecode.c.h; name = CocosDenshion.h; path = libs/CocosDenshion/CocosDenshion.h; sourceTree = "<group>"; };
		CCC90F5713E8BDA90032DF94 /* CocosDenshion.m */ = {isa = PBXFileReference; lastKnownFileType = sourcecode.c.objc; name = CocosDenshion.m; path = libs/CocosDenshion/CocosDenshion.m; sourceTree = "<group>"; };
		CCC90F5913E8BDA90032DF94 /* SimpleAudioEngine.h */ = {isa = PBXFileReference; lastKnownFileType = sourcecode.c.h; name = SimpleAudioEngine.h; path = libs/CocosDenshion/SimpleAudioEngine.h; sourceTree = "<group>"; };
		CCC90F5A13E8BDA90032DF94 /* SimpleAudioEngine.m */ = {isa = PBXFileReference; lastKnownFileType = sourcecode.c.objc; name = SimpleAudioEngine.m; path = libs/CocosDenshion/SimpleAudioEngine.m; sourceTree = "<group>"; };
		CCC90F5C13E8BDA90032DF94 /* LICENSE_CocosDenshion.txt */ = {isa = PBXFileReference; lastKnownFileType = text; name = LICENSE_CocosDenshion.txt; path = libs/LICENSE_CocosDenshion.txt; sourceTree = "<group>"; };
		CCC90F5E13E8BDA90032DF94 /* CLScoreServerPost.h */ = {isa = PBXFileReference; lastKnownFileType = sourcecode.c.h; name = CLScoreServerPost.h; path = libs/cocoslive/CLScoreServerPost.h; sourceTree = "<group>"; };
		CCC90F5F13E8BDA90032DF94 /* CLScoreServerPost.m */ = {isa = PBXFileReference; lastKnownFileType = sourcecode.c.objc; name = CLScoreServerPost.m; path = libs/cocoslive/CLScoreServerPost.m; sourceTree = "<group>"; };
		CCC90F6113E8BDA90032DF94 /* CLScoreServerRequest.h */ = {isa = PBXFileReference; lastKnownFileType = sourcecode.c.h; name = CLScoreServerRequest.h; path = libs/cocoslive/CLScoreServerRequest.h; sourceTree = "<group>"; };
		CCC90F6213E8BDA90032DF94 /* CLScoreServerRequest.m */ = {isa = PBXFileReference; lastKnownFileType = sourcecode.c.objc; name = CLScoreServerRequest.m; path = libs/cocoslive/CLScoreServerRequest.m; sourceTree = "<group>"; };
		CCC90F6413E8BDA90032DF94 /* cocoslive.h */ = {isa = PBXFileReference; lastKnownFileType = sourcecode.c.h; name = cocoslive.h; path = libs/cocoslive/cocoslive.h; sourceTree = "<group>"; };
		CCC90F6513E8BDA90032DF94 /* cocoslive.m */ = {isa = PBXFileReference; lastKnownFileType = sourcecode.c.objc; name = cocoslive.m; path = libs/cocoslive/cocoslive.m; sourceTree = "<group>"; };
		CCC90F6713E8BDA90032DF94 /* LICENSE_TouchJSON.txt */ = {isa = PBXFileReference; lastKnownFileType = text; name = LICENSE_TouchJSON.txt; path = libs/LICENSE_TouchJSON.txt; sourceTree = "<group>"; };
		CCC90F6913E8BDA90032DF94 /* CDataScanner.h */ = {isa = PBXFileReference; lastKnownFileType = sourcecode.c.h; name = CDataScanner.h; path = libs/TouchJSON/CDataScanner.h; sourceTree = "<group>"; };
		CCC90F6A13E8BDA90032DF94 /* CDataScanner.m */ = {isa = PBXFileReference; lastKnownFileType = sourcecode.c.objc; name = CDataScanner.m; path = libs/TouchJSON/CDataScanner.m; sourceTree = "<group>"; };
		CCC90F6D13E8BDA90032DF94 /* CDataScanner_Extensions.h */ = {isa = PBXFileReference; lastKnownFileType = sourcecode.c.h; name = CDataScanner_Extensions.h; path = libs/TouchJSON/Extensions/CDataScanner_Extensions.h; sourceTree = "<group>"; };
		CCC90F6E13E8BDA90032DF94 /* CDataScanner_Extensions.m */ = {isa = PBXFileReference; lastKnownFileType = sourcecode.c.objc; name = CDataScanner_Extensions.m; path = libs/TouchJSON/Extensions/CDataScanner_Extensions.m; sourceTree = "<group>"; };
		CCC90F7013E8BDA90032DF94 /* NSDictionary_JSONExtensions.h */ = {isa = PBXFileReference; lastKnownFileType = sourcecode.c.h; name = NSDictionary_JSONExtensions.h; path = libs/TouchJSON/Extensions/NSDictionary_JSONExtensions.h; sourceTree = "<group>"; };
		CCC90F7113E8BDA90032DF94 /* NSDictionary_JSONExtensions.m */ = {isa = PBXFileReference; lastKnownFileType = sourcecode.c.objc; name = NSDictionary_JSONExtensions.m; path = libs/TouchJSON/Extensions/NSDictionary_JSONExtensions.m; sourceTree = "<group>"; };
		CCC90F7413E8BDAA0032DF94 /* CJSONDeserializer.h */ = {isa = PBXFileReference; lastKnownFileType = sourcecode.c.h; name = CJSONDeserializer.h; path = libs/TouchJSON/JSON/CJSONDeserializer.h; sourceTree = "<group>"; };
		CCC90F7513E8BDAA0032DF94 /* CJSONDeserializer.m */ = {isa = PBXFileReference; lastKnownFileType = sourcecode.c.objc; name = CJSONDeserializer.m; path = libs/TouchJSON/JSON/CJSONDeserializer.m; sourceTree = "<group>"; };
		CCC90F7713E8BDAA0032DF94 /* CJSONScanner.h */ = {isa = PBXFileReference; lastKnownFileType = sourcecode.c.h; name = CJSONScanner.h; path = libs/TouchJSON/JSON/CJSONScanner.h; sourceTree = "<group>"; };
		CCC90F7813E8BDAA0032DF94 /* CJSONScanner.m */ = {isa = PBXFileReference; lastKnownFileType = sourcecode.c.objc; name = CJSONScanner.m; path = libs/TouchJSON/JSON/CJSONScanner.m; sourceTree = "<group>"; };
		CCC90F7A13E8BDAA0032DF94 /* CJSONSerializer.h */ = {isa = PBXFileReference; lastKnownFileType = sourcecode.c.h; name = CJSONSerializer.h; path = libs/TouchJSON/JSON/CJSONSerializer.h; sourceTree = "<group>"; };
		CCC90F7B13E8BDAA0032DF94 /* CJSONSerializer.m */ = {isa = PBXFileReference; lastKnownFileType = sourcecode.c.objc; name = CJSONSerializer.m; path = libs/TouchJSON/JSON/CJSONSerializer.m; sourceTree = "<group>"; };
		CCC90F7D13E8BDAA0032DF94 /* JSONRepresentation.h */ = {isa = PBXFileReference; lastKnownFileType = sourcecode.c.h; name = JSONRepresentation.h; path = libs/TouchJSON/JSON/JSONRepresentation.h; sourceTree = "<group>"; };
		CCC90F7F13E8BDAA0032DF94 /* FontLabel.h */ = {isa = PBXFileReference; lastKnownFileType = sourcecode.c.h; name = FontLabel.h; path = libs/FontLabel/FontLabel.h; sourceTree = "<group>"; };
		CCC90F8013E8BDAA0032DF94 /* FontLabel.m */ = {isa = PBXFileReference; lastKnownFileType = sourcecode.c.objc; name = FontLabel.m; path = libs/FontLabel/FontLabel.m; sourceTree = "<group>"; };
		CCC90F8213E8BDAA0032DF94 /* FontLabelStringDrawing.h */ = {isa = PBXFileReference; lastKnownFileType = sourcecode.c.h; name = FontLabelStringDrawing.h; path = libs/FontLabel/FontLabelStringDrawing.h; sourceTree = "<group>"; };
		CCC90F8313E8BDAA0032DF94 /* FontLabelStringDrawing.m */ = {isa = PBXFileReference; lastKnownFileType = sourcecode.c.objc; name = FontLabelStringDrawing.m; path = libs/FontLabel/FontLabelStringDrawing.m; sourceTree = "<group>"; };
		CCC90F8513E8BDAA0032DF94 /* FontManager.h */ = {isa = PBXFileReference; lastKnownFileType = sourcecode.c.h; name = FontManager.h; path = libs/FontLabel/FontManager.h; sourceTree = "<group>"; };
		CCC90F8613E8BDAA0032DF94 /* FontManager.m */ = {isa = PBXFileReference; lastKnownFileType = sourcecode.c.objc; name = FontManager.m; path = libs/FontLabel/FontManager.m; sourceTree = "<group>"; };
		CCC90F8813E8BDAA0032DF94 /* ZAttributedString.h */ = {isa = PBXFileReference; lastKnownFileType = sourcecode.c.h; name = ZAttributedString.h; path = libs/FontLabel/ZAttributedString.h; sourceTree = "<group>"; };
		CCC90F8913E8BDAA0032DF94 /* ZAttributedString.m */ = {isa = PBXFileReference; lastKnownFileType = sourcecode.c.objc; name = ZAttributedString.m; path = libs/FontLabel/ZAttributedString.m; sourceTree = "<group>"; };
		CCC90F8B13E8BDAA0032DF94 /* ZAttributedStringPrivate.h */ = {isa = PBXFileReference; lastKnownFileType = sourcecode.c.h; name = ZAttributedStringPrivate.h; path = libs/FontLabel/ZAttributedStringPrivate.h; sourceTree = "<group>"; };
		CCC90F8C13E8BDAA0032DF94 /* ZFont.h */ = {isa = PBXFileReference; lastKnownFileType = sourcecode.c.h; name = ZFont.h; path = libs/FontLabel/ZFont.h; sourceTree = "<group>"; };
		CCC90F8D13E8BDAA0032DF94 /* ZFont.m */ = {isa = PBXFileReference; lastKnownFileType = sourcecode.c.objc; name = ZFont.m; path = libs/FontLabel/ZFont.m; sourceTree = "<group>"; };
		CCC90F8F13E8BDAA0032DF94 /* LICENSE_FontLabel.txt */ = {isa = PBXFileReference; lastKnownFileType = text; name = LICENSE_FontLabel.txt; path = libs/LICENSE_FontLabel.txt; sourceTree = "<group>"; };
		CCC90F9113E8BDAA0032DF94 /* Prefix.pch */ = {isa = PBXFileReference; lastKnownFileType = sourcecode.c.h; path = Prefix.pch; sourceTree = "<group>"; };
		CCC90F9213E8BDAA0032DF94 /* main.m */ = {isa = PBXFileReference; lastKnownFileType = sourcecode.c.objc; path = main.m; sourceTree = "<group>"; };
		CCC90F9413E8BDAA0032DF94 /* AppDelegate.h */ = {isa = PBXFileReference; lastKnownFileType = sourcecode.c.h; path = AppDelegate.h; sourceTree = "<group>"; };
		CCC90F9513E8BDAA0032DF94 /* AppDelegate.m */ = {isa = PBXFileReference; lastKnownFileType = sourcecode.c.objc; path = AppDelegate.m; sourceTree = "<group>"; };
		CCC90F9713E8BDAA0032DF94 /* RootViewController.h */ = {isa = PBXFileReference; lastKnownFileType = sourcecode.c.h; path = RootViewController.h; sourceTree = "<group>"; };
		CCC90F9813E8BDAA0032DF94 /* RootViewController.m */ = {isa = PBXFileReference; lastKnownFileType = sourcecode.c.objc; path = RootViewController.m; sourceTree = "<group>"; };
		CCC90F9D13E8BDAA0032DF94 /* GameConfig.h */ = {isa = PBXFileReference; lastKnownFileType = sourcecode.c.h; path = GameConfig.h; sourceTree = "<group>"; };
		CCC90FA313E8BFA90032DF94 /* MainLayer.h */ = {isa = PBXFileReference; fileEncoding = 4; lastKnownFileType = sourcecode.c.h; path = MainLayer.h; sourceTree = "<group>"; };
		CCC90FA413E8BFA90032DF94 /* MainLayer.m */ = {isa = PBXFileReference; fileEncoding = 4; lastKnownFileType = sourcecode.c.objc; path = MainLayer.m; sourceTree = "<group>"; };
/* End PBXFileReference section */

/* Begin PBXFrameworksBuildPhase section */
		CCC90E2B13E8BDA80032DF94 /* Frameworks */ = {
			isa = PBXFrameworksBuildPhase;
			buildActionMask = 2147483647;
			files = (
				CCC90E3313E8BDA80032DF94 /* QuartzCore.framework in Frameworks */,
				CCC90E3513E8BDA80032DF94 /* OpenGLES.framework in Frameworks */,
				CCC90E3713E8BDA80032DF94 /* OpenAL.framework in Frameworks */,
				CCC90E3913E8BDA80032DF94 /* AudioToolbox.framework in Frameworks */,
				CCC90E3B13E8BDA80032DF94 /* AVFoundation.framework in Frameworks */,
				CCC90E3D13E8BDA80032DF94 /* UIKit.framework in Frameworks */,
				CCC90E3F13E8BDA80032DF94 /* Foundation.framework in Frameworks */,
				CCC90E4113E8BDA80032DF94 /* CoreGraphics.framework in Frameworks */,
			);
			runOnlyForDeploymentPostprocessing = 0;
		};
/* End PBXFrameworksBuildPhase section */

/* Begin PBXGroup section */
		CCC90E2313E8BDA70032DF94 = {
			isa = PBXGroup;
			children = (
				CCC90E4213E8BDA80032DF94 /* yan prototype */,
				CCC90E3113E8BDA80032DF94 /* Frameworks */,
				CCC90E2F13E8BDA80032DF94 /* Products */,
			);
			sourceTree = "<group>";
		};
		CCC90E2F13E8BDA80032DF94 /* Products */ = {
			isa = PBXGroup;
			children = (
				CCC90E2E13E8BDA80032DF94 /* yan prototype.app */,
			);
			name = Products;
			sourceTree = "<group>";
		};
		CCC90E3113E8BDA80032DF94 /* Frameworks */ = {
			isa = PBXGroup;
			children = (
				CCC90E3213E8BDA80032DF94 /* QuartzCore.framework */,
				CCC90E3413E8BDA80032DF94 /* OpenGLES.framework */,
				CCC90E3613E8BDA80032DF94 /* OpenAL.framework */,
				CCC90E3813E8BDA80032DF94 /* AudioToolbox.framework */,
				CCC90E3A13E8BDA80032DF94 /* AVFoundation.framework */,
				CCC90E3C13E8BDA80032DF94 /* UIKit.framework */,
				CCC90E3E13E8BDA80032DF94 /* Foundation.framework */,
				CCC90E4013E8BDA80032DF94 /* CoreGraphics.framework */,
			);
			name = Frameworks;
			sourceTree = "<group>";
		};
		CCC90E4213E8BDA80032DF94 /* yan prototype */ = {
			isa = PBXGroup;
			children = (
				CCC90F9413E8BDAA0032DF94 /* AppDelegate.h */,
				CCC90F9513E8BDAA0032DF94 /* AppDelegate.m */,
				CCC90F9713E8BDAA0032DF94 /* RootViewController.h */,
				CCC90F9813E8BDAA0032DF94 /* RootViewController.m */,
				CCC90FA313E8BFA90032DF94 /* MainLayer.h */,
				CCC90FA413E8BFA90032DF94 /* MainLayer.m */,
				CCAC139813EA089E00751FC4 /* Scenemanager.h */,
				CCAC139913EA089E00751FC4 /* Scenemanager.m */,
				CCAC138F13E9F3D300751FC4 /* BGLayer.h */,
				CCAC139013E9F3D300751FC4 /* BGLayer.m */,
				CCC90F9D13E8BDAA0032DF94 /* GameConfig.h */,
				CCC90E4313E8BDA80032DF94 /* Resources */,
				CCC90E5713E8BDA80032DF94 /* libs */,
				CCC90F9013E8BDAA0032DF94 /* Supporting Files */,
			);
			path = "yan prototype";
			sourceTree = "<group>";
		};
		CCC90E4313E8BDA80032DF94 /* Resources */ = {
			isa = PBXGroup;
			children = (
				CCAC139413E9F5FF00751FC4 /* Hyrule_castle.png */,
				CCAC139613E9FE1500751FC4 /* Mastersword_forest.png */,
				CCAC138413E9E63F00751FC4 /* LinkRunShieldD1.png */,
				CCC90E4413E8BDA80032DF94 /* Default.png */,
				CCC90E4613E8BDA80032DF94 /* fps_images.png */,
				CCC90E4813E8BDA80032DF94 /* Icon-72.png */,
				CCC90E4A13E8BDA80032DF94 /* Icon-Small-50.png */,
				CCC90E4C13E8BDA80032DF94 /* Icon-Small.png */,
				CCC90E4E13E8BDA80032DF94 /* Icon-Small@2x.png */,
				CCC90E5013E8BDA80032DF94 /* Icon.png */,
				CCC90E5213E8BDA80032DF94 /* Icon@2x.png */,
				CCC90E5413E8BDA80032DF94 /* Info.plist */,
				CCC90E5513E8BDA80032DF94 /* iTunesArtwork */,
			);
			name = Resources;
			sourceTree = "<group>";
		};
		CCC90E5713E8BDA80032DF94 /* libs */ = {
			isa = PBXGroup;
			children = (
				CCC90F4D13E8BDA90032DF94 /* LICENSE_cocos2d.txt */,
				CCC90F5C13E8BDA90032DF94 /* LICENSE_CocosDenshion.txt */,
				CCC90F6713E8BDA90032DF94 /* LICENSE_TouchJSON.txt */,
				CCC90F8F13E8BDAA0032DF94 /* LICENSE_FontLabel.txt */,
				CCC90E5813E8BDA80032DF94 /* cocos2d */,
				CCC90F4E13E8BDA90032DF94 /* CocosDenshion */,
				CCC90F5D13E8BDA90032DF94 /* cocoslive */,
				CCC90F6813E8BDA90032DF94 /* TouchJSON */,
				CCC90F7E13E8BDAA0032DF94 /* FontLabel */,
			);
			name = libs;
			sourceTree = "<group>";
		};
		CCC90E5813E8BDA80032DF94 /* cocos2d */ = {
			isa = PBXGroup;
			children = (
				CCC90E5913E8BDA80032DF94 /* CCAction.h */,
				CCC90E5A13E8BDA80032DF94 /* CCAction.m */,
				CCC90E5C13E8BDA80032DF94 /* CCActionCamera.h */,
				CCC90E5D13E8BDA80032DF94 /* CCActionCamera.m */,
				CCC90E5F13E8BDA80032DF94 /* CCActionEase.h */,
				CCC90E6013E8BDA80032DF94 /* CCActionEase.m */,
				CCC90E6213E8BDA80032DF94 /* CCActionGrid.h */,
				CCC90E6313E8BDA80032DF94 /* CCActionGrid.m */,
				CCC90E6513E8BDA80032DF94 /* CCActionGrid3D.h */,
				CCC90E6613E8BDA80032DF94 /* CCActionGrid3D.m */,
				CCC90E6813E8BDA80032DF94 /* CCActionInstant.h */,
				CCC90E6913E8BDA80032DF94 /* CCActionInstant.m */,
				CCC90E6B13E8BDA80032DF94 /* CCActionInterval.h */,
				CCC90E6C13E8BDA80032DF94 /* CCActionInterval.m */,
				CCC90E6E13E8BDA80032DF94 /* CCActionManager.h */,
				CCC90E6F13E8BDA80032DF94 /* CCActionManager.m */,
				CCC90E7113E8BDA80032DF94 /* CCActionPageTurn3D.h */,
				CCC90E7213E8BDA80032DF94 /* CCActionPageTurn3D.m */,
				CCC90E7413E8BDA80032DF94 /* CCActionProgressTimer.h */,
				CCC90E7513E8BDA80032DF94 /* CCActionProgressTimer.m */,
				CCC90E7713E8BDA80032DF94 /* CCActionTiledGrid.h */,
				CCC90E7813E8BDA80032DF94 /* CCActionTiledGrid.m */,
				CCC90E7A13E8BDA80032DF94 /* CCActionTween.h */,
				CCC90E7B13E8BDA80032DF94 /* CCActionTween.m */,
				CCC90E7D13E8BDA80032DF94 /* CCAnimation.h */,
				CCC90E7E13E8BDA80032DF94 /* CCAnimation.m */,
				CCC90E8013E8BDA80032DF94 /* CCAnimationCache.h */,
				CCC90E8113E8BDA80032DF94 /* CCAnimationCache.m */,
				CCC90E8313E8BDA80032DF94 /* CCAtlasNode.h */,
				CCC90E8413E8BDA80032DF94 /* CCAtlasNode.m */,
				CCC90E8613E8BDA80032DF94 /* CCBlockSupport.h */,
				CCC90E8713E8BDA80032DF94 /* CCBlockSupport.m */,
				CCC90E8913E8BDA80032DF94 /* CCCamera.h */,
				CCC90E8A13E8BDA80032DF94 /* CCCamera.m */,
				CCC90E8C13E8BDA80032DF94 /* ccConfig.h */,
				CCC90E8D13E8BDA80032DF94 /* CCConfiguration.h */,
				CCC90E8E13E8BDA80032DF94 /* CCConfiguration.m */,
				CCC90E9013E8BDA80032DF94 /* CCDirector.h */,
				CCC90E9113E8BDA80032DF94 /* CCDirector.m */,
				CCC90E9313E8BDA80032DF94 /* CCDrawingPrimitives.h */,
				CCC90E9413E8BDA80032DF94 /* CCDrawingPrimitives.m */,
				CCC90E9613E8BDA80032DF94 /* CCGrabber.h */,
				CCC90E9713E8BDA80032DF94 /* CCGrabber.m */,
				CCC90E9913E8BDA80032DF94 /* CCGrid.h */,
				CCC90E9A13E8BDA80032DF94 /* CCGrid.m */,
				CCC90E9C13E8BDA80032DF94 /* CCLabelAtlas.h */,
				CCC90E9D13E8BDA80032DF94 /* CCLabelAtlas.m */,
				CCC90E9F13E8BDA80032DF94 /* CCLabelBMFont.h */,
				CCC90EA013E8BDA80032DF94 /* CCLabelBMFont.m */,
				CCC90EA213E8BDA80032DF94 /* CCLabelTTF.h */,
				CCC90EA313E8BDA80032DF94 /* CCLabelTTF.m */,
				CCC90EA513E8BDA80032DF94 /* CCLayer.h */,
				CCC90EA613E8BDA80032DF94 /* CCLayer.m */,
				CCC90EA813E8BDA90032DF94 /* ccMacros.h */,
				CCC90EA913E8BDA90032DF94 /* CCMenu.h */,
				CCC90EAA13E8BDA90032DF94 /* CCMenu.m */,
				CCC90EAC13E8BDA90032DF94 /* CCMenuItem.h */,
				CCC90EAD13E8BDA90032DF94 /* CCMenuItem.m */,
				CCC90EAF13E8BDA90032DF94 /* CCMotionStreak.h */,
				CCC90EB013E8BDA90032DF94 /* CCMotionStreak.m */,
				CCC90EB213E8BDA90032DF94 /* CCNode.h */,
				CCC90EB313E8BDA90032DF94 /* CCNode.m */,
				CCC90EB513E8BDA90032DF94 /* CCParallaxNode.h */,
				CCC90EB613E8BDA90032DF94 /* CCParallaxNode.m */,
				CCC90EB813E8BDA90032DF94 /* CCParticleExamples.h */,
				CCC90EB913E8BDA90032DF94 /* CCParticleExamples.m */,
				CCC90EBB13E8BDA90032DF94 /* CCParticleSystem.h */,
				CCC90EBC13E8BDA90032DF94 /* CCParticleSystem.m */,
				CCC90EBE13E8BDA90032DF94 /* CCParticleSystemPoint.h */,
				CCC90EBF13E8BDA90032DF94 /* CCParticleSystemPoint.m */,
				CCC90EC113E8BDA90032DF94 /* CCParticleSystemQuad.h */,
				CCC90EC213E8BDA90032DF94 /* CCParticleSystemQuad.m */,
				CCC90EC413E8BDA90032DF94 /* CCProgressTimer.h */,
				CCC90EC513E8BDA90032DF94 /* CCProgressTimer.m */,
				CCC90EC713E8BDA90032DF94 /* CCProtocols.h */,
				CCC90EC813E8BDA90032DF94 /* CCRenderTexture.h */,
				CCC90EC913E8BDA90032DF94 /* CCRenderTexture.m */,
				CCC90ECB13E8BDA90032DF94 /* CCRibbon.h */,
				CCC90ECC13E8BDA90032DF94 /* CCRibbon.m */,
				CCC90ECE13E8BDA90032DF94 /* CCScene.h */,
				CCC90ECF13E8BDA90032DF94 /* CCScene.m */,
				CCC90ED113E8BDA90032DF94 /* CCScheduler.h */,
				CCC90ED213E8BDA90032DF94 /* CCScheduler.m */,
				CCC90ED413E8BDA90032DF94 /* CCSprite.h */,
				CCC90ED513E8BDA90032DF94 /* CCSprite.m */,
				CCC90ED713E8BDA90032DF94 /* CCSpriteBatchNode.h */,
				CCC90ED813E8BDA90032DF94 /* CCSpriteBatchNode.m */,
				CCC90EDA13E8BDA90032DF94 /* CCSpriteFrame.h */,
				CCC90EDB13E8BDA90032DF94 /* CCSpriteFrame.m */,
				CCC90EDD13E8BDA90032DF94 /* CCSpriteFrameCache.h */,
				CCC90EDE13E8BDA90032DF94 /* CCSpriteFrameCache.m */,
				CCC90EE013E8BDA90032DF94 /* CCTexture2D.h */,
				CCC90EE113E8BDA90032DF94 /* CCTexture2D.m */,
				CCC90EE313E8BDA90032DF94 /* CCTextureAtlas.h */,
				CCC90EE413E8BDA90032DF94 /* CCTextureAtlas.m */,
				CCC90EE613E8BDA90032DF94 /* CCTextureCache.h */,
				CCC90EE713E8BDA90032DF94 /* CCTextureCache.m */,
				CCC90EE913E8BDA90032DF94 /* CCTexturePVR.h */,
				CCC90EEA13E8BDA90032DF94 /* CCTexturePVR.m */,
				CCC90EEC13E8BDA90032DF94 /* CCTileMapAtlas.h */,
				CCC90EED13E8BDA90032DF94 /* CCTileMapAtlas.m */,
				CCC90EEF13E8BDA90032DF94 /* CCTMXLayer.h */,
				CCC90EF013E8BDA90032DF94 /* CCTMXLayer.m */,
				CCC90EF213E8BDA90032DF94 /* CCTMXObjectGroup.h */,
				CCC90EF313E8BDA90032DF94 /* CCTMXObjectGroup.m */,
				CCC90EF513E8BDA90032DF94 /* CCTMXTiledMap.h */,
				CCC90EF613E8BDA90032DF94 /* CCTMXTiledMap.m */,
				CCC90EF813E8BDA90032DF94 /* CCTMXXMLParser.h */,
				CCC90EF913E8BDA90032DF94 /* CCTMXXMLParser.m */,
				CCC90EFB13E8BDA90032DF94 /* CCTransition.h */,
				CCC90EFC13E8BDA90032DF94 /* CCTransition.m */,
				CCC90EFE13E8BDA90032DF94 /* CCTransitionPageTurn.h */,
				CCC90EFF13E8BDA90032DF94 /* CCTransitionPageTurn.m */,
				CCC90F0113E8BDA90032DF94 /* CCTransitionRadial.h */,
				CCC90F0213E8BDA90032DF94 /* CCTransitionRadial.m */,
				CCC90F0413E8BDA90032DF94 /* ccTypes.h */,
				CCC90F0513E8BDA90032DF94 /* cocos2d.h */,
				CCC90F0613E8BDA90032DF94 /* cocos2d.m */,
				CCC90F0813E8BDA90032DF94 /* Platforms */,
				CCC90F2D13E8BDA90032DF94 /* Support */,
			);
			name = cocos2d;
			sourceTree = "<group>";
		};
		CCC90F0813E8BDA90032DF94 /* Platforms */ = {
			isa = PBXGroup;
			children = (
				CCC90F0913E8BDA90032DF94 /* CCGL.h */,
				CCC90F0A13E8BDA90032DF94 /* CCNS.h */,
				CCC90F0B13E8BDA90032DF94 /* iOS */,
				CCC90F2013E8BDA90032DF94 /* Mac */,
			);
			name = Platforms;
			sourceTree = "<group>";
		};
		CCC90F0B13E8BDA90032DF94 /* iOS */ = {
			isa = PBXGroup;
			children = (
				CCC90F0C13E8BDA90032DF94 /* CCDirectorIOS.h */,
				CCC90F0D13E8BDA90032DF94 /* CCDirectorIOS.m */,
				CCC90F0F13E8BDA90032DF94 /* CCTouchDelegateProtocol.h */,
				CCC90F1013E8BDA90032DF94 /* CCTouchDispatcher.h */,
				CCC90F1113E8BDA90032DF94 /* CCTouchDispatcher.m */,
				CCC90F1313E8BDA90032DF94 /* CCTouchHandler.h */,
				CCC90F1413E8BDA90032DF94 /* CCTouchHandler.m */,
				CCC90F1613E8BDA90032DF94 /* EAGLView.h */,
				CCC90F1713E8BDA90032DF94 /* EAGLView.m */,
				CCC90F1913E8BDA90032DF94 /* ES1Renderer.h */,
				CCC90F1A13E8BDA90032DF94 /* ES1Renderer.m */,
				CCC90F1C13E8BDA90032DF94 /* ESRenderer.h */,
				CCC90F1D13E8BDA90032DF94 /* glu.c */,
				CCC90F1F13E8BDA90032DF94 /* glu.h */,
			);
			name = iOS;
			sourceTree = "<group>";
		};
		CCC90F2013E8BDA90032DF94 /* Mac */ = {
			isa = PBXGroup;
			children = (
				CCC90F2113E8BDA90032DF94 /* CCDirectorMac.h */,
				CCC90F2213E8BDA90032DF94 /* CCDirectorMac.m */,
				CCC90F2413E8BDA90032DF94 /* CCEventDispatcher.h */,
				CCC90F2513E8BDA90032DF94 /* CCEventDispatcher.m */,
				CCC90F2713E8BDA90032DF94 /* MacGLView.h */,
				CCC90F2813E8BDA90032DF94 /* MacGLView.m */,
				CCC90F2A13E8BDA90032DF94 /* MacWindow.h */,
				CCC90F2B13E8BDA90032DF94 /* MacWindow.m */,
			);
			name = Mac;
			sourceTree = "<group>";
		};
		CCC90F2D13E8BDA90032DF94 /* Support */ = {
			isa = PBXGroup;
			children = (
				CCC90F2E13E8BDA90032DF94 /* base64.c */,
				CCC90F3013E8BDA90032DF94 /* base64.h */,
				CCC90F3113E8BDA90032DF94 /* CCArray.h */,
				CCC90F3213E8BDA90032DF94 /* CCArray.m */,
				CCC90F3413E8BDA90032DF94 /* ccCArray.h */,
				CCC90F3513E8BDA90032DF94 /* CCFileUtils.h */,
				CCC90F3613E8BDA90032DF94 /* CCFileUtils.m */,
				CCC90F3813E8BDA90032DF94 /* CCProfiling.h */,
				CCC90F3913E8BDA90032DF94 /* CCProfiling.m */,
				CCC90F3B13E8BDA90032DF94 /* ccUtils.c */,
				CCC90F3D13E8BDA90032DF94 /* ccUtils.h */,
				CCC90F3E13E8BDA90032DF94 /* CGPointExtension.h */,
				CCC90F3F13E8BDA90032DF94 /* CGPointExtension.m */,
				CCC90F4113E8BDA90032DF94 /* OpenGL_Internal.h */,
				CCC90F4213E8BDA90032DF94 /* TGAlib.h */,
				CCC90F4313E8BDA90032DF94 /* TGAlib.m */,
				CCC90F4513E8BDA90032DF94 /* TransformUtils.h */,
				CCC90F4613E8BDA90032DF94 /* TransformUtils.m */,
				CCC90F4813E8BDA90032DF94 /* uthash.h */,
				CCC90F4913E8BDA90032DF94 /* utlist.h */,
				CCC90F4A13E8BDA90032DF94 /* ZipUtils.h */,
				CCC90F4B13E8BDA90032DF94 /* ZipUtils.m */,
			);
			name = Support;
			sourceTree = "<group>";
		};
		CCC90F4E13E8BDA90032DF94 /* CocosDenshion */ = {
			isa = PBXGroup;
			children = (
				CCC90F4F13E8BDA90032DF94 /* CDAudioManager.h */,
				CCC90F5013E8BDA90032DF94 /* CDAudioManager.m */,
				CCC90F5213E8BDA90032DF94 /* CDConfig.h */,
				CCC90F5313E8BDA90032DF94 /* CDOpenALSupport.h */,
				CCC90F5413E8BDA90032DF94 /* CDOpenALSupport.m */,
				CCC90F5613E8BDA90032DF94 /* CocosDenshion.h */,
				CCC90F5713E8BDA90032DF94 /* CocosDenshion.m */,
				CCC90F5913E8BDA90032DF94 /* SimpleAudioEngine.h */,
				CCC90F5A13E8BDA90032DF94 /* SimpleAudioEngine.m */,
			);
			name = CocosDenshion;
			sourceTree = "<group>";
		};
		CCC90F5D13E8BDA90032DF94 /* cocoslive */ = {
			isa = PBXGroup;
			children = (
				CCC90F5E13E8BDA90032DF94 /* CLScoreServerPost.h */,
				CCC90F5F13E8BDA90032DF94 /* CLScoreServerPost.m */,
				CCC90F6113E8BDA90032DF94 /* CLScoreServerRequest.h */,
				CCC90F6213E8BDA90032DF94 /* CLScoreServerRequest.m */,
				CCC90F6413E8BDA90032DF94 /* cocoslive.h */,
				CCC90F6513E8BDA90032DF94 /* cocoslive.m */,
			);
			name = cocoslive;
			sourceTree = "<group>";
		};
		CCC90F6813E8BDA90032DF94 /* TouchJSON */ = {
			isa = PBXGroup;
			children = (
				CCC90F6913E8BDA90032DF94 /* CDataScanner.h */,
				CCC90F6A13E8BDA90032DF94 /* CDataScanner.m */,
				CCC90F6C13E8BDA90032DF94 /* Extensions */,
				CCC90F7313E8BDA90032DF94 /* JSON */,
			);
			name = TouchJSON;
			sourceTree = "<group>";
		};
		CCC90F6C13E8BDA90032DF94 /* Extensions */ = {
			isa = PBXGroup;
			children = (
				CCC90F6D13E8BDA90032DF94 /* CDataScanner_Extensions.h */,
				CCC90F6E13E8BDA90032DF94 /* CDataScanner_Extensions.m */,
				CCC90F7013E8BDA90032DF94 /* NSDictionary_JSONExtensions.h */,
				CCC90F7113E8BDA90032DF94 /* NSDictionary_JSONExtensions.m */,
			);
			name = Extensions;
			sourceTree = "<group>";
		};
		CCC90F7313E8BDA90032DF94 /* JSON */ = {
			isa = PBXGroup;
			children = (
				CCC90F7413E8BDAA0032DF94 /* CJSONDeserializer.h */,
				CCC90F7513E8BDAA0032DF94 /* CJSONDeserializer.m */,
				CCC90F7713E8BDAA0032DF94 /* CJSONScanner.h */,
				CCC90F7813E8BDAA0032DF94 /* CJSONScanner.m */,
				CCC90F7A13E8BDAA0032DF94 /* CJSONSerializer.h */,
				CCC90F7B13E8BDAA0032DF94 /* CJSONSerializer.m */,
				CCC90F7D13E8BDAA0032DF94 /* JSONRepresentation.h */,
			);
			name = JSON;
			sourceTree = "<group>";
		};
		CCC90F7E13E8BDAA0032DF94 /* FontLabel */ = {
			isa = PBXGroup;
			children = (
				CCC90F7F13E8BDAA0032DF94 /* FontLabel.h */,
				CCC90F8013E8BDAA0032DF94 /* FontLabel.m */,
				CCC90F8213E8BDAA0032DF94 /* FontLabelStringDrawing.h */,
				CCC90F8313E8BDAA0032DF94 /* FontLabelStringDrawing.m */,
				CCC90F8513E8BDAA0032DF94 /* FontManager.h */,
				CCC90F8613E8BDAA0032DF94 /* FontManager.m */,
				CCC90F8813E8BDAA0032DF94 /* ZAttributedString.h */,
				CCC90F8913E8BDAA0032DF94 /* ZAttributedString.m */,
				CCC90F8B13E8BDAA0032DF94 /* ZAttributedStringPrivate.h */,
				CCC90F8C13E8BDAA0032DF94 /* ZFont.h */,
				CCC90F8D13E8BDAA0032DF94 /* ZFont.m */,
			);
			name = FontLabel;
			sourceTree = "<group>";
		};
		CCC90F9013E8BDAA0032DF94 /* Supporting Files */ = {
			isa = PBXGroup;
			children = (
				CCC90F9113E8BDAA0032DF94 /* Prefix.pch */,
				CCC90F9213E8BDAA0032DF94 /* main.m */,
			);
			name = "Supporting Files";
			sourceTree = "<group>";
		};
/* End PBXGroup section */

/* Begin PBXNativeTarget section */
		CCC90E2D13E8BDA80032DF94 /* yan prototype */ = {
			isa = PBXNativeTarget;
			buildConfigurationList = CCC90FA013E8BDAA0032DF94 /* Build configuration list for PBXNativeTarget "yan prototype" */;
			buildPhases = (
				CCC90E2A13E8BDA80032DF94 /* Sources */,
				CCC90E2B13E8BDA80032DF94 /* Frameworks */,
				CCC90E2C13E8BDA80032DF94 /* Resources */,
			);
			buildRules = (
			);
			dependencies = (
			);
			name = "yan prototype";
			productName = "yan prototype";
			productReference = CCC90E2E13E8BDA80032DF94 /* yan prototype.app */;
			productType = "com.apple.product-type.application";
		};
/* End PBXNativeTarget section */

/* Begin PBXProject section */
		CCC90E2513E8BDA70032DF94 /* Project object */ = {
			isa = PBXProject;
			attributes = {
				ORGANIZATIONNAME = ucsd;
			};
			buildConfigurationList = CCC90E2813E8BDA70032DF94 /* Build configuration list for PBXProject "yan prototype" */;
			compatibilityVersion = "Xcode 3.2";
			developmentRegion = English;
			hasScannedForEncodings = 0;
			knownRegions = (
				en,
			);
			mainGroup = CCC90E2313E8BDA70032DF94;
			productRefGroup = CCC90E2F13E8BDA80032DF94 /* Products */;
			projectDirPath = "";
			projectRoot = "";
			targets = (
				CCC90E2D13E8BDA80032DF94 /* yan prototype */,
			);
		};
/* End PBXProject section */

/* Begin PBXResourcesBuildPhase section */
		CCC90E2C13E8BDA80032DF94 /* Resources */ = {
			isa = PBXResourcesBuildPhase;
			buildActionMask = 2147483647;
			files = (
				CCC90E4513E8BDA80032DF94 /* Default.png in Resources */,
				CCC90E4713E8BDA80032DF94 /* fps_images.png in Resources */,
				CCC90E4913E8BDA80032DF94 /* Icon-72.png in Resources */,
				CCC90E4B13E8BDA80032DF94 /* Icon-Small-50.png in Resources */,
				CCC90E4D13E8BDA80032DF94 /* Icon-Small.png in Resources */,
				CCC90E4F13E8BDA80032DF94 /* Icon-Small@2x.png in Resources */,
				CCC90E5113E8BDA80032DF94 /* Icon.png in Resources */,
				CCC90E5313E8BDA80032DF94 /* Icon@2x.png in Resources */,
				CCC90E5613E8BDA80032DF94 /* iTunesArtwork in Resources */,
				CCAC138513E9E63F00751FC4 /* LinkRunShieldD1.png in Resources */,
				CCAC139513E9F5FF00751FC4 /* Hyrule_castle.png in Resources */,
				CCAC139713E9FE1500751FC4 /* Mastersword_forest.png in Resources */,
			);
			runOnlyForDeploymentPostprocessing = 0;
		};
/* End PBXResourcesBuildPhase section */

/* Begin PBXSourcesBuildPhase section */
		CCC90E2A13E8BDA80032DF94 /* Sources */ = {
			isa = PBXSourcesBuildPhase;
			buildActionMask = 2147483647;
			files = (
				CCC90E5B13E8BDA80032DF94 /* CCAction.m in Sources */,
				CCC90E5E13E8BDA80032DF94 /* CCActionCamera.m in Sources */,
				CCC90E6113E8BDA80032DF94 /* CCActionEase.m in Sources */,
				CCC90E6413E8BDA80032DF94 /* CCActionGrid.m in Sources */,
				CCC90E6713E8BDA80032DF94 /* CCActionGrid3D.m in Sources */,
				CCC90E6A13E8BDA80032DF94 /* CCActionInstant.m in Sources */,
				CCC90E6D13E8BDA80032DF94 /* CCActionInterval.m in Sources */,
				CCC90E7013E8BDA80032DF94 /* CCActionManager.m in Sources */,
				CCC90E7313E8BDA80032DF94 /* CCActionPageTurn3D.m in Sources */,
				CCC90E7613E8BDA80032DF94 /* CCActionProgressTimer.m in Sources */,
				CCC90E7913E8BDA80032DF94 /* CCActionTiledGrid.m in Sources */,
				CCC90E7C13E8BDA80032DF94 /* CCActionTween.m in Sources */,
				CCC90E7F13E8BDA80032DF94 /* CCAnimation.m in Sources */,
				CCC90E8213E8BDA80032DF94 /* CCAnimationCache.m in Sources */,
				CCC90E8513E8BDA80032DF94 /* CCAtlasNode.m in Sources */,
				CCC90E8813E8BDA80032DF94 /* CCBlockSupport.m in Sources */,
				CCC90E8B13E8BDA80032DF94 /* CCCamera.m in Sources */,
				CCC90E8F13E8BDA80032DF94 /* CCConfiguration.m in Sources */,
				CCC90E9213E8BDA80032DF94 /* CCDirector.m in Sources */,
				CCC90E9513E8BDA80032DF94 /* CCDrawingPrimitives.m in Sources */,
				CCC90E9813E8BDA80032DF94 /* CCGrabber.m in Sources */,
				CCC90E9B13E8BDA80032DF94 /* CCGrid.m in Sources */,
				CCC90E9E13E8BDA80032DF94 /* CCLabelAtlas.m in Sources */,
				CCC90EA113E8BDA80032DF94 /* CCLabelBMFont.m in Sources */,
				CCC90EA413E8BDA80032DF94 /* CCLabelTTF.m in Sources */,
				CCC90EA713E8BDA80032DF94 /* CCLayer.m in Sources */,
				CCC90EAB13E8BDA90032DF94 /* CCMenu.m in Sources */,
				CCC90EAE13E8BDA90032DF94 /* CCMenuItem.m in Sources */,
				CCC90EB113E8BDA90032DF94 /* CCMotionStreak.m in Sources */,
				CCC90EB413E8BDA90032DF94 /* CCNode.m in Sources */,
				CCC90EB713E8BDA90032DF94 /* CCParallaxNode.m in Sources */,
				CCC90EBA13E8BDA90032DF94 /* CCParticleExamples.m in Sources */,
				CCC90EBD13E8BDA90032DF94 /* CCParticleSystem.m in Sources */,
				CCC90EC013E8BDA90032DF94 /* CCParticleSystemPoint.m in Sources */,
				CCC90EC313E8BDA90032DF94 /* CCParticleSystemQuad.m in Sources */,
				CCC90EC613E8BDA90032DF94 /* CCProgressTimer.m in Sources */,
				CCC90ECA13E8BDA90032DF94 /* CCRenderTexture.m in Sources */,
				CCC90ECD13E8BDA90032DF94 /* CCRibbon.m in Sources */,
				CCC90ED013E8BDA90032DF94 /* CCScene.m in Sources */,
				CCC90ED313E8BDA90032DF94 /* CCScheduler.m in Sources */,
				CCC90ED613E8BDA90032DF94 /* CCSprite.m in Sources */,
				CCC90ED913E8BDA90032DF94 /* CCSpriteBatchNode.m in Sources */,
				CCC90EDC13E8BDA90032DF94 /* CCSpriteFrame.m in Sources */,
				CCC90EDF13E8BDA90032DF94 /* CCSpriteFrameCache.m in Sources */,
				CCC90EE213E8BDA90032DF94 /* CCTexture2D.m in Sources */,
				CCC90EE513E8BDA90032DF94 /* CCTextureAtlas.m in Sources */,
				CCC90EE813E8BDA90032DF94 /* CCTextureCache.m in Sources */,
				CCC90EEB13E8BDA90032DF94 /* CCTexturePVR.m in Sources */,
				CCC90EEE13E8BDA90032DF94 /* CCTileMapAtlas.m in Sources */,
				CCC90EF113E8BDA90032DF94 /* CCTMXLayer.m in Sources */,
				CCC90EF413E8BDA90032DF94 /* CCTMXObjectGroup.m in Sources */,
				CCC90EF713E8BDA90032DF94 /* CCTMXTiledMap.m in Sources */,
				CCC90EFA13E8BDA90032DF94 /* CCTMXXMLParser.m in Sources */,
				CCC90EFD13E8BDA90032DF94 /* CCTransition.m in Sources */,
				CCC90F0013E8BDA90032DF94 /* CCTransitionPageTurn.m in Sources */,
				CCC90F0313E8BDA90032DF94 /* CCTransitionRadial.m in Sources */,
				CCC90F0713E8BDA90032DF94 /* cocos2d.m in Sources */,
				CCC90F0E13E8BDA90032DF94 /* CCDirectorIOS.m in Sources */,
				CCC90F1213E8BDA90032DF94 /* CCTouchDispatcher.m in Sources */,
				CCC90F1513E8BDA90032DF94 /* CCTouchHandler.m in Sources */,
				CCC90F1813E8BDA90032DF94 /* EAGLView.m in Sources */,
				CCC90F1B13E8BDA90032DF94 /* ES1Renderer.m in Sources */,
				CCC90F1E13E8BDA90032DF94 /* glu.c in Sources */,
				CCC90F2313E8BDA90032DF94 /* CCDirectorMac.m in Sources */,
				CCC90F2613E8BDA90032DF94 /* CCEventDispatcher.m in Sources */,
				CCC90F2913E8BDA90032DF94 /* MacGLView.m in Sources */,
				CCC90F2C13E8BDA90032DF94 /* MacWindow.m in Sources */,
				CCC90F2F13E8BDA90032DF94 /* base64.c in Sources */,
				CCC90F3313E8BDA90032DF94 /* CCArray.m in Sources */,
				CCC90F3713E8BDA90032DF94 /* CCFileUtils.m in Sources */,
				CCC90F3A13E8BDA90032DF94 /* CCProfiling.m in Sources */,
				CCC90F3C13E8BDA90032DF94 /* ccUtils.c in Sources */,
				CCC90F4013E8BDA90032DF94 /* CGPointExtension.m in Sources */,
				CCC90F4413E8BDA90032DF94 /* TGAlib.m in Sources */,
				CCC90F4713E8BDA90032DF94 /* TransformUtils.m in Sources */,
				CCC90F4C13E8BDA90032DF94 /* ZipUtils.m in Sources */,
				CCC90F5113E8BDA90032DF94 /* CDAudioManager.m in Sources */,
				CCC90F5513E8BDA90032DF94 /* CDOpenALSupport.m in Sources */,
				CCC90F5813E8BDA90032DF94 /* CocosDenshion.m in Sources */,
				CCC90F5B13E8BDA90032DF94 /* SimpleAudioEngine.m in Sources */,
				CCC90F6013E8BDA90032DF94 /* CLScoreServerPost.m in Sources */,
				CCC90F6313E8BDA90032DF94 /* CLScoreServerRequest.m in Sources */,
				CCC90F6613E8BDA90032DF94 /* cocoslive.m in Sources */,
				CCC90F6B13E8BDA90032DF94 /* CDataScanner.m in Sources */,
				CCC90F6F13E8BDA90032DF94 /* CDataScanner_Extensions.m in Sources */,
				CCC90F7213E8BDA90032DF94 /* NSDictionary_JSONExtensions.m in Sources */,
				CCC90F7613E8BDAA0032DF94 /* CJSONDeserializer.m in Sources */,
				CCC90F7913E8BDAA0032DF94 /* CJSONScanner.m in Sources */,
				CCC90F7C13E8BDAA0032DF94 /* CJSONSerializer.m in Sources */,
				CCC90F8113E8BDAA0032DF94 /* FontLabel.m in Sources */,
				CCC90F8413E8BDAA0032DF94 /* FontLabelStringDrawing.m in Sources */,
				CCC90F8713E8BDAA0032DF94 /* FontManager.m in Sources */,
				CCC90F8A13E8BDAA0032DF94 /* ZAttributedString.m in Sources */,
				CCC90F8E13E8BDAA0032DF94 /* ZFont.m in Sources */,
				CCC90F9313E8BDAA0032DF94 /* main.m in Sources */,
				CCC90F9613E8BDAA0032DF94 /* AppDelegate.m in Sources */,
				CCC90F9913E8BDAA0032DF94 /* RootViewController.m in Sources */,
				CCC90FA513E8BFA90032DF94 /* MainLayer.m in Sources */,
				CCAC139113E9F3D300751FC4 /* BGLayer.m in Sources */,
				CCAC139A13EA089E00751FC4 /* Scenemanager.m in Sources */,
			);
			runOnlyForDeploymentPostprocessing = 0;
		};
/* End PBXSourcesBuildPhase section */

/* Begin XCBuildConfiguration section */
		CCC90F9E13E8BDAA0032DF94 /* Debug */ = {
			isa = XCBuildConfiguration;
			buildSettings = {
				ARCHS = "$(ARCHS_STANDARD_32_BIT)";
				"CODE_SIGN_IDENTITY[sdk=iphoneos*]" = "iPhone Developer";
				GCC_C_LANGUAGE_STANDARD = gnu99;
				GCC_OPTIMIZATION_LEVEL = 0;
				GCC_PREPROCESSOR_DEFINITIONS = (
					DEBUG,
					"COCOS2D_DEBUG=1",
				);
				GCC_SYMBOLS_PRIVATE_EXTERN = NO;
				GCC_VERSION = com.apple.compilers.llvmgcc42;
				GCC_WARN_ABOUT_RETURN_TYPE = YES;
				GCC_WARN_UNUSED_VARIABLE = YES;
				IPHONEOS_DEPLOYMENT_TARGET = 4.3;
				SDKROOT = iphoneos;
			};
			name = Debug;
		};
		CCC90F9F13E8BDAA0032DF94 /* Release */ = {
			isa = XCBuildConfiguration;
			buildSettings = {
				ARCHS = "$(ARCHS_STANDARD_32_BIT)";
				"CODE_SIGN_IDENTITY[sdk=iphoneos*]" = "iPhone Developer";
				GCC_C_LANGUAGE_STANDARD = gnu99;
				GCC_PREPROCESSOR_DEFINITIONS = NDEBUG;
				GCC_VERSION = com.apple.compilers.llvmgcc42;
				GCC_WARN_ABOUT_RETURN_TYPE = YES;
				GCC_WARN_UNUSED_VARIABLE = YES;
				IPHONEOS_DEPLOYMENT_TARGET = 4.3;
				OTHER_CFLAGS = "-DNS_BLOCK_ASSERTIONS=1";
				SDKROOT = iphoneos;
			};
			name = Release;
		};
		CCC90FA113E8BDAA0032DF94 /* Debug */ = {
			isa = XCBuildConfiguration;
			buildSettings = {
				ALWAYS_SEARCH_USER_PATHS = NO;
				COPY_PHASE_STRIP = NO;
				GCC_DYNAMIC_NO_PIC = NO;
				GCC_PRECOMPILE_PREFIX_HEADER = YES;
				GCC_PREFIX_HEADER = "yan prototype/Prefix.pch";
				"GCC_THUMB_SUPPORT[arch=armv6]" = "";
				INFOPLIST_FILE = "yan prototype/Resources/Info.plist";
				IPHONEOS_DEPLOYMENT_TARGET = 4.2;
				OTHER_LDFLAGS = "-lz";
				PRODUCT_NAME = "$(TARGET_NAME)";
				WRAPPER_EXTENSION = app;
			};
			name = Debug;
		};
		CCC90FA213E8BDAA0032DF94 /* Release */ = {
			isa = XCBuildConfiguration;
			buildSettings = {
				ALWAYS_SEARCH_USER_PATHS = NO;
				COPY_PHASE_STRIP = YES;
				GCC_PRECOMPILE_PREFIX_HEADER = YES;
				GCC_PREFIX_HEADER = "yan prototype/Prefix.pch";
				"GCC_THUMB_SUPPORT[arch=armv6]" = "";
				INFOPLIST_FILE = "yan prototype/Resources/Info.plist";
				IPHONEOS_DEPLOYMENT_TARGET = 4.2;
				OTHER_LDFLAGS = "-lz";
				PRODUCT_NAME = "$(TARGET_NAME)";
				VALIDATE_PRODUCT = YES;
				WRAPPER_EXTENSION = app;
			};
			name = Release;
		};
/* End XCBuildConfiguration section */

/* Begin XCConfigurationList section */
		CCC90E2813E8BDA70032DF94 /* Build configuration list for PBXProject "yan prototype" */ = {
			isa = XCConfigurationList;
			buildConfigurations = (
				CCC90F9E13E8BDAA0032DF94 /* Debug */,
				CCC90F9F13E8BDAA0032DF94 /* Release */,
			);
			defaultConfigurationIsVisible = 0;
			defaultConfigurationName = Release;
		};
		CCC90FA013E8BDAA0032DF94 /* Build configuration list for PBXNativeTarget "yan prototype" */ = {
			isa = XCConfigurationList;
			buildConfigurations = (
				CCC90FA113E8BDAA0032DF94 /* Debug */,
				CCC90FA213E8BDAA0032DF94 /* Release */,
			);
			defaultConfigurationIsVisible = 0;
			defaultConfigurationName = Release;
		};
/* End XCConfigurationList section */
	};
	rootObject = CCC90E2513E8BDA70032DF94 /* Project object */;
}
